// !$*UTF8*$!
{
	archiveVersion = 1;
	classes = {
	};
	objectVersion = 46;
	objects = {

/* Begin PBXBuildFile section */
		C80F8FD0197767DD0086C986 /* tableview_header.png in Resources */ = {isa = PBXBuildFile; fileRef = C80F8FCF197767DD0086C986 /* tableview_header.png */; };
		C80F8FD31977CD7A0086C986 /* NSObject+RuntimeProperty.m in Sources */ = {isa = PBXBuildFile; fileRef = C80F8FD21977CD7A0086C986 /* NSObject+RuntimeProperty.m */; };
		C8159688197624F0004339C3 /* block.c in Sources */ = {isa = PBXBuildFile; fileRef = C8159687197624F0004339C3 /* block.c */; };
		C815968F1976383B004339C3 /* JRSwizzle.m in Sources */ = {isa = PBXBuildFile; fileRef = C815968C1976383B004339C3 /* JRSwizzle.m */; };
		C81596901976383B004339C3 /* MethodSwizzle.m in Sources */ = {isa = PBXBuildFile; fileRef = C815968E1976383B004339C3 /* MethodSwizzle.m */; };
		C824EFEA1974F1CE0074EC5D /* Foundation.framework in Frameworks */ = {isa = PBXBuildFile; fileRef = C824EFE91974F1CE0074EC5D /* Foundation.framework */; };
		C824EFEC1974F1CE0074EC5D /* CoreGraphics.framework in Frameworks */ = {isa = PBXBuildFile; fileRef = C824EFEB1974F1CE0074EC5D /* CoreGraphics.framework */; };
		C824EFEE1974F1CE0074EC5D /* UIKit.framework in Frameworks */ = {isa = PBXBuildFile; fileRef = C824EFED1974F1CE0074EC5D /* UIKit.framework */; };
		C824EFF41974F1CE0074EC5D /* InfoPlist.strings in Resources */ = {isa = PBXBuildFile; fileRef = C824EFF21974F1CE0074EC5D /* InfoPlist.strings */; };
		C824EFF61974F1CE0074EC5D /* main.m in Sources */ = {isa = PBXBuildFile; fileRef = C824EFF51974F1CE0074EC5D /* main.m */; };
		C824EFFA1974F1CE0074EC5D /* AdvanceObjectiveCAppDelegate.m in Sources */ = {isa = PBXBuildFile; fileRef = C824EFF91974F1CE0074EC5D /* AdvanceObjectiveCAppDelegate.m */; };
		C824EFFD1974F1CE0074EC5D /* Main.storyboard in Resources */ = {isa = PBXBuildFile; fileRef = C824EFFB1974F1CE0074EC5D /* Main.storyboard */; };
		C824F0001974F1CE0074EC5D /* AdvanceObjectiveCViewController.m in Sources */ = {isa = PBXBuildFile; fileRef = C824EFFF1974F1CE0074EC5D /* AdvanceObjectiveCViewController.m */; };
		C824F0021974F1CE0074EC5D /* Images.xcassets in Resources */ = {isa = PBXBuildFile; fileRef = C824F0011974F1CE0074EC5D /* Images.xcassets */; };
		C824F0091974F1CE0074EC5D /* XCTest.framework in Frameworks */ = {isa = PBXBuildFile; fileRef = C824F0081974F1CE0074EC5D /* XCTest.framework */; };
		C824F00A1974F1CE0074EC5D /* Foundation.framework in Frameworks */ = {isa = PBXBuildFile; fileRef = C824EFE91974F1CE0074EC5D /* Foundation.framework */; };
		C824F00B1974F1CE0074EC5D /* UIKit.framework in Frameworks */ = {isa = PBXBuildFile; fileRef = C824EFED1974F1CE0074EC5D /* UIKit.framework */; };
		C824F0131974F1CE0074EC5D /* InfoPlist.strings in Resources */ = {isa = PBXBuildFile; fileRef = C824F0111974F1CE0074EC5D /* InfoPlist.strings */; };
		C824F0151974F1CE0074EC5D /* AdvanceObjectiveCTests.m in Sources */ = {isa = PBXBuildFile; fileRef = C824F0141974F1CE0074EC5D /* AdvanceObjectiveCTests.m */; };
		C88877B7199C41B700B7FC8F /* NSObject+DLIntrospection.m in Sources */ = {isa = PBXBuildFile; fileRef = C88877B6199C41B700B7FC8F /* NSObject+DLIntrospection.m */; };
		C88877C5199C421600B7FC8F /* BIItem.m in Sources */ = {isa = PBXBuildFile; fileRef = C88877BA199C421600B7FC8F /* BIItem.m */; };
		C88877C6199C421600B7FC8F /* BIItemManager.m in Sources */ = {isa = PBXBuildFile; fileRef = C88877BC199C421600B7FC8F /* BIItemManager.m */; };
		C88877C7199C421600B7FC8F /* BILib.m in Sources */ = {isa = PBXBuildFile; fileRef = C88877BE199C421600B7FC8F /* BILib.m */; };
		C88877C8199C421600B7FC8F /* BILibArg.m in Sources */ = {isa = PBXBuildFile; fileRef = C88877C0199C421600B7FC8F /* BILibArg.m */; };
		C88877C9199C421600B7FC8F /* BILibUtils.m in Sources */ = {isa = PBXBuildFile; fileRef = C88877C4199C421600B7FC8F /* BILibUtils.m */; };
/* End PBXBuildFile section */

/* Begin PBXContainerItemProxy section */
		C824F00C1974F1CE0074EC5D /* PBXContainerItemProxy */ = {
			isa = PBXContainerItemProxy;
			containerPortal = C824EFDE1974F1CE0074EC5D /* Project object */;
			proxyType = 1;
			remoteGlobalIDString = C824EFE51974F1CE0074EC5D;
			remoteInfo = AdvanceObjectiveC;
		};
/* End PBXContainerItemProxy section */

/* Begin PBXFileReference section */
		C80F8FCF197767DD0086C986 /* tableview_header.png */ = {isa = PBXFileReference; lastKnownFileType = image.png; path = tableview_header.png; sourceTree = "<group>"; };
		C80F8FD11977CD7A0086C986 /* NSObject+RuntimeProperty.h */ = {isa = PBXFileReference; fileEncoding = 4; lastKnownFileType = sourcecode.c.h; path = "NSObject+RuntimeProperty.h"; sourceTree = "<group>"; };
		C80F8FD21977CD7A0086C986 /* NSObject+RuntimeProperty.m */ = {isa = PBXFileReference; fileEncoding = 4; lastKnownFileType = sourcecode.c.objc; path = "NSObject+RuntimeProperty.m"; sourceTree = "<group>"; };
		C8159687197624F0004339C3 /* block.c */ = {isa = PBXFileReference; fileEncoding = 4; lastKnownFileType = sourcecode.c.c; path = block.c; sourceTree = "<group>"; };
		C815968919762695004339C3 /* block.cpp */ = {isa = PBXFileReference; fileEncoding = 4; lastKnownFileType = sourcecode.cpp.cpp; path = block.cpp; sourceTree = "<group>"; };
		C815968B1976383B004339C3 /* JRSwizzle.h */ = {isa = PBXFileReference; fileEncoding = 4; lastKnownFileType = sourcecode.c.h; path = JRSwizzle.h; sourceTree = "<group>"; };
		C815968C1976383B004339C3 /* JRSwizzle.m */ = {isa = PBXFileReference; fileEncoding = 4; lastKnownFileType = sourcecode.c.objc; path = JRSwizzle.m; sourceTree = "<group>"; };
		C815968D1976383B004339C3 /* MethodSwizzle.h */ = {isa = PBXFileReference; fileEncoding = 4; lastKnownFileType = sourcecode.c.h; path = MethodSwizzle.h; sourceTree = "<group>"; };
		C815968E1976383B004339C3 /* MethodSwizzle.m */ = {isa = PBXFileReference; fileEncoding = 4; lastKnownFileType = sourcecode.c.objc; path = MethodSwizzle.m; sourceTree = "<group>"; };
		C824EFE61974F1CE0074EC5D /* AdvanceObjectiveC.app */ = {isa = PBXFileReference; explicitFileType = wrapper.application; includeInIndex = 0; path = AdvanceObjectiveC.app; sourceTree = BUILT_PRODUCTS_DIR; };
		C824EFE91974F1CE0074EC5D /* Foundation.framework */ = {isa = PBXFileReference; lastKnownFileType = wrapper.framework; name = Foundation.framework; path = System/Library/Frameworks/Foundation.framework; sourceTree = SDKROOT; };
		C824EFEB1974F1CE0074EC5D /* CoreGraphics.framework */ = {isa = PBXFileReference; lastKnownFileType = wrapper.framework; name = CoreGraphics.framework; path = System/Library/Frameworks/CoreGraphics.framework; sourceTree = SDKROOT; };
		C824EFED1974F1CE0074EC5D /* UIKit.framework */ = {isa = PBXFileReference; lastKnownFileType = wrapper.framework; name = UIKit.framework; path = System/Library/Frameworks/UIKit.framework; sourceTree = SDKROOT; };
		C824EFF11974F1CE0074EC5D /* AdvanceObjectiveC-Info.plist */ = {isa = PBXFileReference; lastKnownFileType = text.plist.xml; path = "AdvanceObjectiveC-Info.plist"; sourceTree = "<group>"; };
		C824EFF31974F1CE0074EC5D /* en */ = {isa = PBXFileReference; lastKnownFileType = text.plist.strings; name = en; path = en.lproj/InfoPlist.strings; sourceTree = "<group>"; };
		C824EFF51974F1CE0074EC5D /* main.m */ = {isa = PBXFileReference; lastKnownFileType = sourcecode.c.objc; path = main.m; sourceTree = "<group>"; };
		C824EFF71974F1CE0074EC5D /* AdvanceObjectiveC-Prefix.pch */ = {isa = PBXFileReference; lastKnownFileType = sourcecode.c.h; path = "AdvanceObjectiveC-Prefix.pch"; sourceTree = "<group>"; };
		C824EFF81974F1CE0074EC5D /* AdvanceObjectiveCAppDelegate.h */ = {isa = PBXFileReference; lastKnownFileType = sourcecode.c.h; path = AdvanceObjectiveCAppDelegate.h; sourceTree = "<group>"; };
		C824EFF91974F1CE0074EC5D /* AdvanceObjectiveCAppDelegate.m */ = {isa = PBXFileReference; lastKnownFileType = sourcecode.c.objc; path = AdvanceObjectiveCAppDelegate.m; sourceTree = "<group>"; };
		C824EFFC1974F1CE0074EC5D /* Base */ = {isa = PBXFileReference; lastKnownFileType = file.storyboard; name = Base; path = Base.lproj/Main.storyboard; sourceTree = "<group>"; };
		C824EFFE1974F1CE0074EC5D /* AdvanceObjectiveCViewController.h */ = {isa = PBXFileReference; lastKnownFileType = sourcecode.c.h; path = AdvanceObjectiveCViewController.h; sourceTree = "<group>"; };
		C824EFFF1974F1CE0074EC5D /* AdvanceObjectiveCViewController.m */ = {isa = PBXFileReference; lastKnownFileType = sourcecode.c.objc; path = AdvanceObjectiveCViewController.m; sourceTree = "<group>"; };
		C824F0011974F1CE0074EC5D /* Images.xcassets */ = {isa = PBXFileReference; lastKnownFileType = folder.assetcatalog; path = Images.xcassets; sourceTree = "<group>"; };
		C824F0071974F1CE0074EC5D /* AdvanceObjectiveCTests.xctest */ = {isa = PBXFileReference; explicitFileType = wrapper.cfbundle; includeInIndex = 0; path = AdvanceObjectiveCTests.xctest; sourceTree = BUILT_PRODUCTS_DIR; };
		C824F0081974F1CE0074EC5D /* XCTest.framework */ = {isa = PBXFileReference; lastKnownFileType = wrapper.framework; name = XCTest.framework; path = Library/Frameworks/XCTest.framework; sourceTree = DEVELOPER_DIR; };
		C824F0101974F1CE0074EC5D /* AdvanceObjectiveCTests-Info.plist */ = {isa = PBXFileReference; lastKnownFileType = text.plist.xml; path = "AdvanceObjectiveCTests-Info.plist"; sourceTree = "<group>"; };
		C824F0121974F1CE0074EC5D /* en */ = {isa = PBXFileReference; lastKnownFileType = text.plist.strings; name = en; path = en.lproj/InfoPlist.strings; sourceTree = "<group>"; };
		C824F0141974F1CE0074EC5D /* AdvanceObjectiveCTests.m */ = {isa = PBXFileReference; lastKnownFileType = sourcecode.c.objc; path = AdvanceObjectiveCTests.m; sourceTree = "<group>"; };
		C824F01E1974FBC00074EC5D /* libobjc.A.dylib */ = {isa = PBXFileReference; lastKnownFileType = "compiled.mach-o.dylib"; name = libobjc.A.dylib; path = usr/lib/libobjc.A.dylib; sourceTree = SDKROOT; };
		C824F0201975132D0074EC5D /* libobjc.dylib */ = {isa = PBXFileReference; lastKnownFileType = "compiled.mach-o.dylib"; name = libobjc.dylib; path = usr/lib/libobjc.dylib; sourceTree = SDKROOT; };
		C88877B5199C41B700B7FC8F /* NSObject+DLIntrospection.h */ = {isa = PBXFileReference; fileEncoding = 4; lastKnownFileType = sourcecode.c.h; name = "NSObject+DLIntrospection.h"; path = "DLIntrospection/NSObject+DLIntrospection.h"; sourceTree = "<group>"; };
		C88877B6199C41B700B7FC8F /* NSObject+DLIntrospection.m */ = {isa = PBXFileReference; fileEncoding = 4; lastKnownFileType = sourcecode.c.objc; name = "NSObject+DLIntrospection.m"; path = "DLIntrospection/NSObject+DLIntrospection.m"; sourceTree = "<group>"; };
		C88877B9199C421600B7FC8F /* BIItem.h */ = {isa = PBXFileReference; fileEncoding = 4; lastKnownFileType = sourcecode.c.h; name = BIItem.h; path = BlockInjection/BIItem.h; sourceTree = "<group>"; };
		C88877BA199C421600B7FC8F /* BIItem.m */ = {isa = PBXFileReference; fileEncoding = 4; lastKnownFileType = sourcecode.c.objc; name = BIItem.m; path = BlockInjection/BIItem.m; sourceTree = "<group>"; };
		C88877BB199C421600B7FC8F /* BIItemManager.h */ = {isa = PBXFileReference; fileEncoding = 4; lastKnownFileType = sourcecode.c.h; name = BIItemManager.h; path = BlockInjection/BIItemManager.h; sourceTree = "<group>"; };
		C88877BC199C421600B7FC8F /* BIItemManager.m */ = {isa = PBXFileReference; fileEncoding = 4; lastKnownFileType = sourcecode.c.objc; name = BIItemManager.m; path = BlockInjection/BIItemManager.m; sourceTree = "<group>"; };
		C88877BD199C421600B7FC8F /* BILib.h */ = {isa = PBXFileReference; fileEncoding = 4; lastKnownFileType = sourcecode.c.h; name = BILib.h; path = BlockInjection/BILib.h; sourceTree = "<group>"; };
		C88877BE199C421600B7FC8F /* BILib.m */ = {isa = PBXFileReference; fileEncoding = 4; lastKnownFileType = sourcecode.c.objc; name = BILib.m; path = BlockInjection/BILib.m; sourceTree = "<group>"; };
		C88877BF199C421600B7FC8F /* BILibArg.h */ = {isa = PBXFileReference; fileEncoding = 4; lastKnownFileType = sourcecode.c.h; name = BILibArg.h; path = BlockInjection/BILibArg.h; sourceTree = "<group>"; };
		C88877C0199C421600B7FC8F /* BILibArg.m */ = {isa = PBXFileReference; fileEncoding = 4; lastKnownFileType = sourcecode.c.objc; name = BILibArg.m; path = BlockInjection/BILibArg.m; sourceTree = "<group>"; };
		C88877C1199C421600B7FC8F /* BILibDummyStruct.h */ = {isa = PBXFileReference; fileEncoding = 4; lastKnownFileType = sourcecode.c.h; name = BILibDummyStruct.h; path = BlockInjection/BILibDummyStruct.h; sourceTree = "<group>"; };
		C88877C2199C421600B7FC8F /* BILibExclusives.h */ = {isa = PBXFileReference; fileEncoding = 4; lastKnownFileType = sourcecode.c.h; name = BILibExclusives.h; path = BlockInjection/BILibExclusives.h; sourceTree = "<group>"; };
		C88877C3199C421600B7FC8F /* BILibUtils.h */ = {isa = PBXFileReference; fileEncoding = 4; lastKnownFileType = sourcecode.c.h; name = BILibUtils.h; path = BlockInjection/BILibUtils.h; sourceTree = "<group>"; };
		C88877C4199C421600B7FC8F /* BILibUtils.m */ = {isa = PBXFileReference; fileEncoding = 4; lastKnownFileType = sourcecode.c.objc; name = BILibUtils.m; path = BlockInjection/BILibUtils.m; sourceTree = "<group>"; };
/* End PBXFileReference section */

/* Begin PBXFrameworksBuildPhase section */
		C824EFE31974F1CE0074EC5D /* Frameworks */ = {
			isa = PBXFrameworksBuildPhase;
			buildActionMask = 2147483647;
			files = (
				C824EFEA1974F1CE0074EC5D /* Foundation.framework in Frameworks */,
				C824EFEC1974F1CE0074EC5D /* CoreGraphics.framework in Frameworks */,
				C824EFEE1974F1CE0074EC5D /* UIKit.framework in Frameworks */,
			);
			runOnlyForDeploymentPostprocessing = 0;
		};
		C824F0041974F1CE0074EC5D /* Frameworks */ = {
			isa = PBXFrameworksBuildPhase;
			buildActionMask = 2147483647;
			files = (
				C824F0091974F1CE0074EC5D /* XCTest.framework in Frameworks */,
				C824F00B1974F1CE0074EC5D /* UIKit.framework in Frameworks */,
				C824F00A1974F1CE0074EC5D /* Foundation.framework in Frameworks */,
			);
			runOnlyForDeploymentPostprocessing = 0;
		};
/* End PBXFrameworksBuildPhase section */

/* Begin PBXGroup section */
		C824EFDD1974F1CE0074EC5D = {
			isa = PBXGroup;
			children = (
				C824EFEF1974F1CE0074EC5D /* AdvanceObjectiveC */,
				C824F00E1974F1CE0074EC5D /* AdvanceObjectiveCTests */,
				C824EFE81974F1CE0074EC5D /* Frameworks */,
				C824EFE71974F1CE0074EC5D /* Products */,
			);
			sourceTree = "<group>";
		};
		C824EFE71974F1CE0074EC5D /* Products */ = {
			isa = PBXGroup;
			children = (
				C824EFE61974F1CE0074EC5D /* AdvanceObjectiveC.app */,
				C824F0071974F1CE0074EC5D /* AdvanceObjectiveCTests.xctest */,
			);
			name = Products;
			sourceTree = "<group>";
		};
		C824EFE81974F1CE0074EC5D /* Frameworks */ = {
			isa = PBXGroup;
			children = (
				C824F0201975132D0074EC5D /* libobjc.dylib */,
				C824F01E1974FBC00074EC5D /* libobjc.A.dylib */,
				C824EFE91974F1CE0074EC5D /* Foundation.framework */,
				C824EFEB1974F1CE0074EC5D /* CoreGraphics.framework */,
				C824EFED1974F1CE0074EC5D /* UIKit.framework */,
				C824F0081974F1CE0074EC5D /* XCTest.framework */,
			);
			name = Frameworks;
			sourceTree = "<group>";
		};
		C824EFEF1974F1CE0074EC5D /* AdvanceObjectiveC */ = {
			isa = PBXGroup;
			children = (
				C88877B8199C420A00B7FC8F /* BlockInjection */,
				C88877B4199C41A600B7FC8F /* DLIntrospection */,
				C80F8FCF197767DD0086C986 /* tableview_header.png */,
				C824EFF81974F1CE0074EC5D /* AdvanceObjectiveCAppDelegate.h */,
				C824EFF91974F1CE0074EC5D /* AdvanceObjectiveCAppDelegate.m */,
				C824EFFB1974F1CE0074EC5D /* Main.storyboard */,
				C80F8FD11977CD7A0086C986 /* NSObject+RuntimeProperty.h */,
				C80F8FD21977CD7A0086C986 /* NSObject+RuntimeProperty.m */,
				C824EFFE1974F1CE0074EC5D /* AdvanceObjectiveCViewController.h */,
				C824EFFF1974F1CE0074EC5D /* AdvanceObjectiveCViewController.m */,
				C824F0011974F1CE0074EC5D /* Images.xcassets */,
				C824EFF01974F1CE0074EC5D /* Supporting Files */,
				C8159687197624F0004339C3 /* block.c */,
				C815968B1976383B004339C3 /* JRSwizzle.h */,
				C815968C1976383B004339C3 /* JRSwizzle.m */,
				C815968D1976383B004339C3 /* MethodSwizzle.h */,
				C815968E1976383B004339C3 /* MethodSwizzle.m */,
				C815968919762695004339C3 /* block.cpp */,
			);
			path = AdvanceObjectiveC;
			sourceTree = "<group>";
		};
		C824EFF01974F1CE0074EC5D /* Supporting Files */ = {
			isa = PBXGroup;
			children = (
				C824EFF11974F1CE0074EC5D /* AdvanceObjectiveC-Info.plist */,
				C824EFF21974F1CE0074EC5D /* InfoPlist.strings */,
				C824EFF51974F1CE0074EC5D /* main.m */,
				C824EFF71974F1CE0074EC5D /* AdvanceObjectiveC-Prefix.pch */,
			);
			name = "Supporting Files";
			sourceTree = "<group>";
		};
		C824F00E1974F1CE0074EC5D /* AdvanceObjectiveCTests */ = {
			isa = PBXGroup;
			children = (
				C824F0141974F1CE0074EC5D /* AdvanceObjectiveCTests.m */,
				C824F00F1974F1CE0074EC5D /* Supporting Files */,
			);
			path = AdvanceObjectiveCTests;
			sourceTree = "<group>";
		};
		C824F00F1974F1CE0074EC5D /* Supporting Files */ = {
			isa = PBXGroup;
			children = (
				C824F0101974F1CE0074EC5D /* AdvanceObjectiveCTests-Info.plist */,
				C824F0111974F1CE0074EC5D /* InfoPlist.strings */,
			);
			name = "Supporting Files";
			sourceTree = "<group>";
		};
		C88877B4199C41A600B7FC8F /* DLIntrospection */ = {
			isa = PBXGroup;
			children = (
				C88877B5199C41B700B7FC8F /* NSObject+DLIntrospection.h */,
				C88877B6199C41B700B7FC8F /* NSObject+DLIntrospection.m */,
			);
			name = DLIntrospection;
			sourceTree = "<group>";
		};
		C88877B8199C420A00B7FC8F /* BlockInjection */ = {
			isa = PBXGroup;
			children = (
				C88877B9199C421600B7FC8F /* BIItem.h */,
				C88877BA199C421600B7FC8F /* BIItem.m */,
				C88877BB199C421600B7FC8F /* BIItemManager.h */,
				C88877BC199C421600B7FC8F /* BIItemManager.m */,
				C88877BD199C421600B7FC8F /* BILib.h */,
				C88877BE199C421600B7FC8F /* BILib.m */,
				C88877BF199C421600B7FC8F /* BILibArg.h */,
				C88877C0199C421600B7FC8F /* BILibArg.m */,
				C88877C1199C421600B7FC8F /* BILibDummyStruct.h */,
				C88877C2199C421600B7FC8F /* BILibExclusives.h */,
				C88877C3199C421600B7FC8F /* BILibUtils.h */,
				C88877C4199C421600B7FC8F /* BILibUtils.m */,
			);
			name = BlockInjection;
			sourceTree = "<group>";
		};
/* End PBXGroup section */

/* Begin PBXNativeTarget section */
		C824EFE51974F1CE0074EC5D /* AdvanceObjectiveC */ = {
			isa = PBXNativeTarget;
			buildConfigurationList = C824F0181974F1CE0074EC5D /* Build configuration list for PBXNativeTarget "AdvanceObjectiveC" */;
			buildPhases = (
				C824EFE21974F1CE0074EC5D /* Sources */,
				C824EFE31974F1CE0074EC5D /* Frameworks */,
				C824EFE41974F1CE0074EC5D /* Resources */,
			);
			buildRules = (
			);
			dependencies = (
			);
			name = AdvanceObjectiveC;
			productName = AdvanceObjectiveC;
			productReference = C824EFE61974F1CE0074EC5D /* AdvanceObjectiveC.app */;
			productType = "com.apple.product-type.application";
		};
		C824F0061974F1CE0074EC5D /* AdvanceObjectiveCTests */ = {
			isa = PBXNativeTarget;
			buildConfigurationList = C824F01B1974F1CE0074EC5D /* Build configuration list for PBXNativeTarget "AdvanceObjectiveCTests" */;
			buildPhases = (
				C824F0031974F1CE0074EC5D /* Sources */,
				C824F0041974F1CE0074EC5D /* Frameworks */,
				C824F0051974F1CE0074EC5D /* Resources */,
			);
			buildRules = (
			);
			dependencies = (
				C824F00D1974F1CE0074EC5D /* PBXTargetDependency */,
			);
			name = AdvanceObjectiveCTests;
			productName = AdvanceObjectiveCTests;
			productReference = C824F0071974F1CE0074EC5D /* AdvanceObjectiveCTests.xctest */;
			productType = "com.apple.product-type.bundle.unit-test";
		};
/* End PBXNativeTarget section */

/* Begin PBXProject section */
		C824EFDE1974F1CE0074EC5D /* Project object */ = {
			isa = PBXProject;
			attributes = {
				CLASSPREFIX = AdvanceObjectiveC;
				LastUpgradeCheck = 0510;
				ORGANIZATIONNAME = achellies;
				TargetAttributes = {
					C824F0061974F1CE0074EC5D = {
						TestTargetID = C824EFE51974F1CE0074EC5D;
					};
				};
			};
			buildConfigurationList = C824EFE11974F1CE0074EC5D /* Build configuration list for PBXProject "AdvanceObjectiveC" */;
			compatibilityVersion = "Xcode 3.2";
			developmentRegion = English;
			hasScannedForEncodings = 0;
			knownRegions = (
				en,
				Base,
			);
			mainGroup = C824EFDD1974F1CE0074EC5D;
			productRefGroup = C824EFE71974F1CE0074EC5D /* Products */;
			projectDirPath = "";
			projectRoot = "";
			targets = (
				C824EFE51974F1CE0074EC5D /* AdvanceObjectiveC */,
				C824F0061974F1CE0074EC5D /* AdvanceObjectiveCTests */,
			);
		};
/* End PBXProject section */

/* Begin PBXResourcesBuildPhase section */
		C824EFE41974F1CE0074EC5D /* Resources */ = {
			isa = PBXResourcesBuildPhase;
			buildActionMask = 2147483647;
			files = (
				C824F0021974F1CE0074EC5D /* Images.xcassets in Resources */,
				C824EFF41974F1CE0074EC5D /* InfoPlist.strings in Resources */,
				C80F8FD0197767DD0086C986 /* tableview_header.png in Resources */,
				C824EFFD1974F1CE0074EC5D /* Main.storyboard in Resources */,
			);
			runOnlyForDeploymentPostprocessing = 0;
		};
		C824F0051974F1CE0074EC5D /* Resources */ = {
			isa = PBXResourcesBuildPhase;
			buildActionMask = 2147483647;
			files = (
				C824F0131974F1CE0074EC5D /* InfoPlist.strings in Resources */,
			);
			runOnlyForDeploymentPostprocessing = 0;
		};
/* End PBXResourcesBuildPhase section */

/* Begin PBXSourcesBuildPhase section */
		C824EFE21974F1CE0074EC5D /* Sources */ = {
			isa = PBXSourcesBuildPhase;
			buildActionMask = 2147483647;
			files = (
				C824F0001974F1CE0074EC5D /* AdvanceObjectiveCViewController.m in Sources */,
				C88877C8199C421600B7FC8F /* BILibArg.m in Sources */,
				C88877B7199C41B700B7FC8F /* NSObject+DLIntrospection.m in Sources */,
				C81596901976383B004339C3 /* MethodSwizzle.m in Sources */,
				C88877C5199C421600B7FC8F /* BIItem.m in Sources */,
				C824EFF61974F1CE0074EC5D /* main.m in Sources */,
				C88877C6199C421600B7FC8F /* BIItemManager.m in Sources */,
				C88877C9199C421600B7FC8F /* BILibUtils.m in Sources */,
				C824EFFA1974F1CE0074EC5D /* AdvanceObjectiveCAppDelegate.m in Sources */,
				C8159688197624F0004339C3 /* block.c in Sources */,
				C80F8FD31977CD7A0086C986 /* NSObject+RuntimeProperty.m in Sources */,
				C88877C7199C421600B7FC8F /* BILib.m in Sources */,
				C815968F1976383B004339C3 /* JRSwizzle.m in Sources */,
			);
			runOnlyForDeploymentPostprocessing = 0;
		};
		C824F0031974F1CE0074EC5D /* Sources */ = {
			isa = PBXSourcesBuildPhase;
			buildActionMask = 2147483647;
			files = (
				C824F0151974F1CE0074EC5D /* AdvanceObjectiveCTests.m in Sources */,
			);
			runOnlyForDeploymentPostprocessing = 0;
		};
/* End PBXSourcesBuildPhase section */

/* Begin PBXTargetDependency section */
		C824F00D1974F1CE0074EC5D /* PBXTargetDependency */ = {
			isa = PBXTargetDependency;
			target = C824EFE51974F1CE0074EC5D /* AdvanceObjectiveC */;
			targetProxy = C824F00C1974F1CE0074EC5D /* PBXContainerItemProxy */;
		};
/* End PBXTargetDependency section */

/* Begin PBXVariantGroup section */
		C824EFF21974F1CE0074EC5D /* InfoPlist.strings */ = {
			isa = PBXVariantGroup;
			children = (
				C824EFF31974F1CE0074EC5D /* en */,
			);
			name = InfoPlist.strings;
			sourceTree = "<group>";
		};
		C824EFFB1974F1CE0074EC5D /* Main.storyboard */ = {
			isa = PBXVariantGroup;
			children = (
				C824EFFC1974F1CE0074EC5D /* Base */,
			);
			name = Main.storyboard;
			sourceTree = "<group>";
		};
		C824F0111974F1CE0074EC5D /* InfoPlist.strings */ = {
			isa = PBXVariantGroup;
			children = (
				C824F0121974F1CE0074EC5D /* en */,
			);
			name = InfoPlist.strings;
			sourceTree = "<group>";
		};
/* End PBXVariantGroup section */

/* Begin XCBuildConfiguration section */
		C824F0161974F1CE0074EC5D /* Debug */ = {
			isa = XCBuildConfiguration;
			buildSettings = {
				ALWAYS_SEARCH_USER_PATHS = NO;
				CLANG_CXX_LANGUAGE_STANDARD = "gnu++0x";
				CLANG_CXX_LIBRARY = "libc++";
				CLANG_ENABLE_MODULES = YES;
				CLANG_ENABLE_OBJC_ARC = YES;
				CLANG_WARN_BOOL_CONVERSION = YES;
				CLANG_WARN_CONSTANT_CONVERSION = YES;
				CLANG_WARN_DIRECT_OBJC_ISA_USAGE = YES_ERROR;
				CLANG_WARN_EMPTY_BODY = YES;
				CLANG_WARN_ENUM_CONVERSION = YES;
				CLANG_WARN_INT_CONVERSION = YES;
				CLANG_WARN_OBJC_ROOT_CLASS = YES_ERROR;
				CLANG_WARN__DUPLICATE_METHOD_MATCH = YES;
				"CODE_SIGN_IDENTITY[sdk=iphoneos*]" = "iPhone Developer";
				COPY_PHASE_STRIP = NO;
				GCC_C_LANGUAGE_STANDARD = gnu99;
				GCC_DYNAMIC_NO_PIC = NO;
				GCC_OPTIMIZATION_LEVEL = 0;
				GCC_PREPROCESSOR_DEFINITIONS = (
					"DEBUG=1",
					"$(inherited)",
				);
				GCC_SYMBOLS_PRIVATE_EXTERN = NO;
				GCC_WARN_64_TO_32_BIT_CONVERSION = YES;
				GCC_WARN_ABOUT_RETURN_TYPE = YES_ERROR;
				GCC_WARN_UNDECLARED_SELECTOR = YES;
				GCC_WARN_UNINITIALIZED_AUTOS = YES_AGGRESSIVE;
				GCC_WARN_UNUSED_FUNCTION = YES;
				GCC_WARN_UNUSED_VARIABLE = YES;
				IPHONEOS_DEPLOYMENT_TARGET = 7.1;
				ONLY_ACTIVE_ARCH = YES;
				SDKROOT = iphoneos;
			};
			name = Debug;
		};
		C824F0171974F1CE0074EC5D /* Release */ = {
			isa = XCBuildConfiguration;
			buildSettings = {
				ALWAYS_SEARCH_USER_PATHS = NO;
				CLANG_CXX_LANGUAGE_STANDARD = "gnu++0x";
				CLANG_CXX_LIBRARY = "libc++";
				CLANG_ENABLE_MODULES = YES;
				CLANG_ENABLE_OBJC_ARC = YES;
				CLANG_WARN_BOOL_CONVERSION = YES;
				CLANG_WARN_CONSTANT_CONVERSION = YES;
				CLANG_WARN_DIRECT_OBJC_ISA_USAGE = YES_ERROR;
				CLANG_WARN_EMPTY_BODY = YES;
				CLANG_WARN_ENUM_CONVERSION = YES;
				CLANG_WARN_INT_CONVERSION = YES;
				CLANG_WARN_OBJC_ROOT_CLASS = YES_ERROR;
				CLANG_WARN__DUPLICATE_METHOD_MATCH = YES;
				"CODE_SIGN_IDENTITY[sdk=iphoneos*]" = "iPhone Developer";
				COPY_PHASE_STRIP = YES;
				ENABLE_NS_ASSERTIONS = NO;
				GCC_C_LANGUAGE_STANDARD = gnu99;
				GCC_WARN_64_TO_32_BIT_CONVERSION = YES;
				GCC_WARN_ABOUT_RETURN_TYPE = YES_ERROR;
				GCC_WARN_UNDECLARED_SELECTOR = YES;
				GCC_WARN_UNINITIALIZED_AUTOS = YES_AGGRESSIVE;
				GCC_WARN_UNUSED_FUNCTION = YES;
				GCC_WARN_UNUSED_VARIABLE = YES;
				IPHONEOS_DEPLOYMENT_TARGET = 7.1;
				SDKROOT = iphoneos;
				VALIDATE_PRODUCT = YES;
			};
			name = Release;
		};
		C824F0191974F1CE0074EC5D /* Debug */ = {
			isa = XCBuildConfiguration;
			buildSettings = {
				ASSETCATALOG_COMPILER_APPICON_NAME = AppIcon;
				ASSETCATALOG_COMPILER_LAUNCHIMAGE_NAME = LaunchImage;
				GCC_PRECOMPILE_PREFIX_HEADER = YES;
				GCC_PREFIX_HEADER = "AdvanceObjectiveC/AdvanceObjectiveC-Prefix.pch";
				INFOPLIST_FILE = "AdvanceObjectiveC/AdvanceObjectiveC-Info.plist";
				PRODUCT_NAME = "$(TARGET_NAME)";
				WRAPPER_EXTENSION = app;
			};
			name = Debug;
		};
		C824F01A1974F1CE0074EC5D /* Release */ = {
			isa = XCBuildConfiguration;
			buildSettings = {
				ASSETCATALOG_COMPILER_APPICON_NAME = AppIcon;
				ASSETCATALOG_COMPILER_LAUNCHIMAGE_NAME = LaunchImage;
				GCC_PRECOMPILE_PREFIX_HEADER = YES;
				GCC_PREFIX_HEADER = "AdvanceObjectiveC/AdvanceObjectiveC-Prefix.pch";
				INFOPLIST_FILE = "AdvanceObjectiveC/AdvanceObjectiveC-Info.plist";
				PRODUCT_NAME = "$(TARGET_NAME)";
				WRAPPER_EXTENSION = app;
			};
			name = Release;
		};
		C824F01C1974F1CE0074EC5D /* Debug */ = {
			isa = XCBuildConfiguration;
			buildSettings = {
				BUNDLE_LOADER = "$(BUILT_PRODUCTS_DIR)/AdvanceObjectiveC.app/AdvanceObjectiveC";
				FRAMEWORK_SEARCH_PATHS = (
					"$(SDKROOT)/Developer/Library/Frameworks",
					"$(inherited)",
					"$(DEVELOPER_FRAMEWORKS_DIR)",
				);
				GCC_PRECOMPILE_PREFIX_HEADER = YES;
				GCC_PREFIX_HEADER = "AdvanceObjectiveC/AdvanceObjectiveC-Prefix.pch";
				GCC_PREPROCESSOR_DEFINITIONS = (
					"DEBUG=1",
					"$(inherited)",
				);
				INFOPLIST_FILE = "AdvanceObjectiveCTests/AdvanceObjectiveCTests-Info.plist";
				PRODUCT_NAME = "$(TARGET_NAME)";
				TEST_HOST = "$(BUNDLE_LOADER)";
				WRAPPER_EXTENSION = xctest;
			};
			name = Debug;
		};
		C824F01D1974F1CE0074EC5D /* Release */ = {
			isa = XCBuildConfiguration;
			buildSettings = {
				BUNDLE_LOADER = "$(BUILT_PRODUCTS_DIR)/AdvanceObjectiveC.app/AdvanceObjectiveC";
				FRAMEWORK_SEARCH_PATHS = (
					"$(SDKROOT)/Developer/Library/Frameworks",
					"$(inherited)",
					"$(DEVELOPER_FRAMEWORKS_DIR)",
				);
				GCC_PRECOMPILE_PREFIX_HEADER = YES;
				GCC_PREFIX_HEADER = "AdvanceObjectiveC/AdvanceObjectiveC-Prefix.pch";
				INFOPLIST_FILE = "AdvanceObjectiveCTests/AdvanceObjectiveCTests-Info.plist";
				PRODUCT_NAME = "$(TARGET_NAME)";
				TEST_HOST = "$(BUNDLE_LOADER)";
				WRAPPER_EXTENSION = xctest;
			};
			name = Release;
		};
/* End XCBuildConfiguration section */

/* Begin XCConfigurationList section */
		C824EFE11974F1CE0074EC5D /* Build configuration list for PBXProject "AdvanceObjectiveC" */ = {
			isa = XCConfigurationList;
			buildConfigurations = (
				C824F0161974F1CE0074EC5D /* Debug */,
				C824F0171974F1CE0074EC5D /* Release */,
			);
			defaultConfigurationIsVisible = 0;
			defaultConfigurationName = Release;
		};
		C824F0181974F1CE0074EC5D /* Build configuration list for PBXNativeTarget "AdvanceObjectiveC" */ = {
			isa = XCConfigurationList;
			buildConfigurations = (
				C824F0191974F1CE0074EC5D /* Debug */,
				C824F01A1974F1CE0074EC5D /* Release */,
			);
			defaultConfigurationIsVisible = 0;
			defaultConfigurationName = Release;
		};
		C824F01B1974F1CE0074EC5D /* Build configuration list for PBXNativeTarget "AdvanceObjectiveCTests" */ = {
			isa = XCConfigurationList;
			buildConfigurations = (
				C824F01C1974F1CE0074EC5D /* Debug */,
				C824F01D1974F1CE0074EC5D /* Release */,
			);
			defaultConfigurationIsVisible = 0;
			defaultConfigurationName = Release;
		};
/* End XCConfigurationList section */
	};
	rootObject = C824EFDE1974F1CE0074EC5D /* Project object */;
}
