// !$*UTF8*$!
{
	archiveVersion = 1;
	classes = {
	};
	objectVersion = 46;
	objects = {

/* Begin PBXBuildFile section */
		C80F8FD0197767DD0086C986 /* tableview_header.png in Resources */ = {isa = PBXBuildFile; fileRef = C80F8FCF197767DD0086C986 /* tableview_header.png */; };
		C80F8FD31977CD7A0086C986 /* NSObject+RuntimeProperty.m in Sources */ = {isa = PBXBuildFile; fileRef = C80F8FD21977CD7A0086C986 /* NSObject+RuntimeProperty.m */; };
		C8159688197624F0004339C3 /* block.c in Sources */ = {isa = PBXBuildFile; fileRef = C8159687197624F0004339C3 /* block.c */; };
		C815968F1976383B004339C3 /* JRSwizzle.m in Sources */ = {isa = PBXBuildFile; fileRef = C815968C1976383B004339C3 /* JRSwizzle.m */; };
		C81596901976383B004339C3 /* MethodSwizzle.m in Sources */ = {isa = PBXBuildFile; fileRef = C815968E1976383B004339C3 /* MethodSwizzle.m */; };
		C824EFEA1974F1CE0074EC5D /* Foundation.framework in Frameworks */ = {isa = PBXBuildFile; fileRef = C824EFE91974F1CE0074EC5D /* Foundation.framework */; };
		C824EFEC1974F1CE0074EC5D /* CoreGraphics.framework in Frameworks */ = {isa = PBXBuildFile; fileRef = C824EFEB1974F1CE0074EC5D /* CoreGraphics.framework */; };
		C824EFEE1974F1CE0074EC5D /* UIKit.framework in Frameworks */ = {isa = PBXBuildFile; fileRef = C824EFED1974F1CE0074EC5D /* UIKit.framework */; };
		C824EFF41974F1CE0074EC5D /* InfoPlist.strings in Resources */ = {isa = PBXBuildFile; fileRef = C824EFF21974F1CE0074EC5D /* InfoPlist.strings */; };
		C824EFF61974F1CE0074EC5D /* main.m in Sources */ = {isa = PBXBuildFile; fileRef = C824EFF51974F1CE0074EC5D /* main.m */; };
		C824EFFA1974F1CE0074EC5D /* AdvanceObjectiveCAppDelegate.m in Sources */ = {isa = PBXBuildFile; fileRef = C824EFF91974F1CE0074EC5D /* AdvanceObjectiveCAppDelegate.m */; };
		C824EFFD1974F1CE0074EC5D /* Main.storyboard in Resources */ = {isa = PBXBuildFile; fileRef = C824EFFB1974F1CE0074EC5D /* Main.storyboard */; };
		C824F0001974F1CE0074EC5D /* AdvanceObjectiveCViewController.m in Sources */ = {isa = PBXBuildFile; fileRef = C824EFFF1974F1CE0074EC5D /* AdvanceObjectiveCViewController.m */; };
		C824F0021974F1CE0074EC5D /* Images.xcassets in Resources */ = {isa = PBXBuildFile; fileRef = C824F0011974F1CE0074EC5D /* Images.xcassets */; };
		C824F0091974F1CE0074EC5D /* XCTest.framework in Frameworks */ = {isa = PBXBuildFile; fileRef = C824F0081974F1CE0074EC5D /* XCTest.framework */; };
		C824F00A1974F1CE0074EC5D /* Foundation.framework in Frameworks */ = {isa = PBXBuildFile; fileRef = C824EFE91974F1CE0074EC5D /* Foundation.framework */; };
		C824F00B1974F1CE0074EC5D /* UIKit.framework in Frameworks */ = {isa = PBXBuildFile; fileRef = C824EFED1974F1CE0074EC5D /* UIKit.framework */; };
		C824F0131974F1CE0074EC5D /* InfoPlist.strings in Resources */ = {isa = PBXBuildFile; fileRef = C824F0111974F1CE0074EC5D /* InfoPlist.strings */; };
		C824F0151974F1CE0074EC5D /* AdvanceObjectiveCTests.m in Sources */ = {isa = PBXBuildFile; fileRef = C824F0141974F1CE0074EC5D /* AdvanceObjectiveCTests.m */; };
		C88877B7199C41B700B7FC8F /* NSObject+DLIntrospection.m in Sources */ = {isa = PBXBuildFile; fileRef = C88877B6199C41B700B7FC8F /* NSObject+DLIntrospection.m */; };
		C88877C5199C421600B7FC8F /* BIItem.m in Sources */ = {isa = PBXBuildFile; fileRef = C88877BA199C421600B7FC8F /* BIItem.m */; };
		C88877C6199C421600B7FC8F /* BIItemManager.m in Sources */ = {isa = PBXBuildFile; fileRef = C88877BC199C421600B7FC8F /* BIItemManager.m */; };
		C88877C7199C421600B7FC8F /* BILib.m in Sources */ = {isa = PBXBuildFile; fileRef = C88877BE199C421600B7FC8F /* BILib.m */; };
		C88877C8199C421600B7FC8F /* BILibArg.m in Sources */ = {isa = PBXBuildFile; fileRef = C88877C0199C421600B7FC8F /* BILibArg.m */; };
		C88877C9199C421600B7FC8F /* BILibUtils.m in Sources */ = {isa = PBXBuildFile; fileRef = C88877C4199C421600B7FC8F /* BILibUtils.m */; };
		C8887804199C49C500B7FC8F /* ACAccountStore+PromiseKit.m in Sources */ = {isa = PBXBuildFile; fileRef = C88877CC199C49C500B7FC8F /* ACAccountStore+PromiseKit.m */; };
		C8887805199C49C500B7FC8F /* AVAudioSession+PromiseKit.m in Sources */ = {isa = PBXBuildFile; fileRef = C88877CE199C49C500B7FC8F /* AVAudioSession+PromiseKit.m */; };
		C8887808199C49C500B7FC8F /* CLGeocoder+PromiseKit.m in Sources */ = {isa = PBXBuildFile; fileRef = C88877D4199C49C500B7FC8F /* CLGeocoder+PromiseKit.m */; };
		C8887809199C49C500B7FC8F /* CLLocationManager+PromiseKit.m in Sources */ = {isa = PBXBuildFile; fileRef = C88877D6199C49C500B7FC8F /* CLLocationManager+PromiseKit.m */; };
		C888780A199C49C500B7FC8F /* MKDirections+PromiseKit.m in Sources */ = {isa = PBXBuildFile; fileRef = C88877E2199C49C500B7FC8F /* MKDirections+PromiseKit.m */; };
		C888780B199C49C500B7FC8F /* MKMapSnapshotter+PromiseKit.m in Sources */ = {isa = PBXBuildFile; fileRef = C88877E4199C49C500B7FC8F /* MKMapSnapshotter+PromiseKit.m */; };
		C888780C199C49C500B7FC8F /* NSNotificationCenter+PromiseKit.m in Sources */ = {isa = PBXBuildFile; fileRef = C88877E6199C49C500B7FC8F /* NSNotificationCenter+PromiseKit.m */; };
		C888780D199C49C500B7FC8F /* NSURLConnection+PromiseKit.m in Sources */ = {isa = PBXBuildFile; fileRef = C88877E8199C49C500B7FC8F /* NSURLConnection+PromiseKit.m */; };
		C888780E199C49C500B7FC8F /* PMKPromise.m in Sources */ = {isa = PBXBuildFile; fileRef = C88877E9199C49C500B7FC8F /* PMKPromise.m */; };
		C888780F199C49C500B7FC8F /* PMKPromise+Pause.m in Sources */ = {isa = PBXBuildFile; fileRef = C88877EA199C49C500B7FC8F /* PMKPromise+Pause.m */; };
		C8887810199C49C500B7FC8F /* PMKPromise+Until.m in Sources */ = {isa = PBXBuildFile; fileRef = C88877EB199C49C500B7FC8F /* PMKPromise+Until.m */; };
		C8887811199C49C500B7FC8F /* PMKPromise+When.m in Sources */ = {isa = PBXBuildFile; fileRef = C88877EC199C49C500B7FC8F /* PMKPromise+When.m */; };
		C8887812199C49C500B7FC8F /* NSMethodSignatureForBlock.m in Sources */ = {isa = PBXBuildFile; fileRef = C88877EE199C49C500B7FC8F /* NSMethodSignatureForBlock.m */; };
		C8887813199C49C500B7FC8F /* xctest.rb in Resources */ = {isa = PBXBuildFile; fileRef = C88877EF199C49C500B7FC8F /* xctest.rb */; };
		C8887814199C49C500B7FC8F /* SKProductsRequest+PromiseKit.m in Sources */ = {isa = PBXBuildFile; fileRef = C88877F8199C49C500B7FC8F /* SKProductsRequest+PromiseKit.m */; };
		C8887815199C49C500B7FC8F /* SLRequest+PromiseKit.m in Sources */ = {isa = PBXBuildFile; fileRef = C88877FA199C49C500B7FC8F /* SLRequest+PromiseKit.m */; };
		C8887816199C49C500B7FC8F /* tests in Resources */ = {isa = PBXBuildFile; fileRef = C88877FB199C49C500B7FC8F /* tests */; };
		C8887817199C49C500B7FC8F /* UIActionSheet+PromiseKit.m in Sources */ = {isa = PBXBuildFile; fileRef = C88877FD199C49C500B7FC8F /* UIActionSheet+PromiseKit.m */; };
		C8887818199C49C500B7FC8F /* UIAlertView+PromiseKit.m in Sources */ = {isa = PBXBuildFile; fileRef = C88877FF199C49C500B7FC8F /* UIAlertView+PromiseKit.m */; };
		C8887819199C49C500B7FC8F /* UIView+PromiseKit.m in Sources */ = {isa = PBXBuildFile; fileRef = C8887801199C49C500B7FC8F /* UIView+PromiseKit.m */; };
		C888781A199C49C500B7FC8F /* UIViewController+PromiseKit.m in Sources */ = {isa = PBXBuildFile; fileRef = C8887803199C49C500B7FC8F /* UIViewController+PromiseKit.m */; };
		C8887826199C936F00B7FC8F /* OMGHTTPURLRQ.m in Sources */ = {isa = PBXBuildFile; fileRef = C8887823199C936F00B7FC8F /* OMGHTTPURLRQ.m */; };
		C8887827199C936F00B7FC8F /* OMGUserAgent.m in Sources */ = {isa = PBXBuildFile; fileRef = C8887825199C936F00B7FC8F /* OMGUserAgent.m */; };
		C888785C199CA25500B7FC8F /* NSArray+all.m in Sources */ = {isa = PBXBuildFile; fileRef = C8887829199CA25500B7FC8F /* NSArray+all.m */; };
		C888785D199CA25500B7FC8F /* NSArray+any.m in Sources */ = {isa = PBXBuildFile; fileRef = C888782A199CA25500B7FC8F /* NSArray+any.m */; };
		C888785E199CA25500B7FC8F /* NSArray+chunk.m in Sources */ = {isa = PBXBuildFile; fileRef = C888782B199CA25500B7FC8F /* NSArray+chunk.m */; };
		C888785F199CA25500B7FC8F /* NSArray+concat.m in Sources */ = {isa = PBXBuildFile; fileRef = C888782C199CA25500B7FC8F /* NSArray+concat.m */; };
		C8887860199CA25500B7FC8F /* NSArray+dict.m in Sources */ = {isa = PBXBuildFile; fileRef = C888782D199CA25500B7FC8F /* NSArray+dict.m */; };
		C8887861199CA25500B7FC8F /* NSArray+each.m in Sources */ = {isa = PBXBuildFile; fileRef = C888782E199CA25500B7FC8F /* NSArray+each.m */; };
		C8887862199CA25500B7FC8F /* NSArray+find.m in Sources */ = {isa = PBXBuildFile; fileRef = C888782F199CA25500B7FC8F /* NSArray+find.m */; };
		C8887863199CA25500B7FC8F /* NSArray+first.m in Sources */ = {isa = PBXBuildFile; fileRef = C8887830199CA25500B7FC8F /* NSArray+first.m */; };
		C8887864199CA25500B7FC8F /* NSArray+flatMap.m in Sources */ = {isa = PBXBuildFile; fileRef = C8887831199CA25500B7FC8F /* NSArray+flatMap.m */; };
		C8887865199CA25500B7FC8F /* NSArray+flatten.m in Sources */ = {isa = PBXBuildFile; fileRef = C8887832199CA25500B7FC8F /* NSArray+flatten.m */; };
		C8887866199CA25500B7FC8F /* NSArray+groupBy.m in Sources */ = {isa = PBXBuildFile; fileRef = C8887833199CA25500B7FC8F /* NSArray+groupBy.m */; };
		C8887867199CA25500B7FC8F /* NSArray+has.m in Sources */ = {isa = PBXBuildFile; fileRef = C8887834199CA25500B7FC8F /* NSArray+has.m */; };
		C8887868199CA25500B7FC8F /* NSArray+indexOf.m in Sources */ = {isa = PBXBuildFile; fileRef = C8887835199CA25500B7FC8F /* NSArray+indexOf.m */; };
		C8887869199CA25500B7FC8F /* NSArray+inject.m in Sources */ = {isa = PBXBuildFile; fileRef = C8887836199CA25500B7FC8F /* NSArray+inject.m */; };
		C888786A199CA25500B7FC8F /* NSArray+join.m in Sources */ = {isa = PBXBuildFile; fileRef = C8887837199CA25500B7FC8F /* NSArray+join.m */; };
		C888786B199CA25500B7FC8F /* NSArray+last.m in Sources */ = {isa = PBXBuildFile; fileRef = C8887838199CA25500B7FC8F /* NSArray+last.m */; };
		C888786C199CA25500B7FC8F /* NSArray+map.m in Sources */ = {isa = PBXBuildFile; fileRef = C8887839199CA25500B7FC8F /* NSArray+map.m */; };
		C888786D199CA25500B7FC8F /* NSArray+max.m in Sources */ = {isa = PBXBuildFile; fileRef = C888783A199CA25500B7FC8F /* NSArray+max.m */; };
		C888786E199CA25500B7FC8F /* NSArray+min.m in Sources */ = {isa = PBXBuildFile; fileRef = C888783B199CA25500B7FC8F /* NSArray+min.m */; };
		C888786F199CA25500B7FC8F /* NSArray+none.m in Sources */ = {isa = PBXBuildFile; fileRef = C888783C199CA25500B7FC8F /* NSArray+none.m */; };
		C8887870199CA25500B7FC8F /* NSArray+partition.m in Sources */ = {isa = PBXBuildFile; fileRef = C888783D199CA25500B7FC8F /* NSArray+partition.m */; };
		C8887871199CA25500B7FC8F /* NSArray+pluck.m in Sources */ = {isa = PBXBuildFile; fileRef = C888783E199CA25500B7FC8F /* NSArray+pluck.m */; };
		C8887872199CA25500B7FC8F /* NSArray+pmap.m in Sources */ = {isa = PBXBuildFile; fileRef = C888783F199CA25500B7FC8F /* NSArray+pmap.m */; };
		C8887873199CA25500B7FC8F /* NSArray+reduce.m in Sources */ = {isa = PBXBuildFile; fileRef = C8887840199CA25500B7FC8F /* NSArray+reduce.m */; };
		C8887874199CA25500B7FC8F /* NSArray+reverse.m in Sources */ = {isa = PBXBuildFile; fileRef = C8887841199CA25500B7FC8F /* NSArray+reverse.m */; };
		C8887875199CA25500B7FC8F /* NSArray+rotate.m in Sources */ = {isa = PBXBuildFile; fileRef = C8887842199CA25500B7FC8F /* NSArray+rotate.m */; };
		C8887876199CA25500B7FC8F /* NSArray+sample.m in Sources */ = {isa = PBXBuildFile; fileRef = C8887843199CA25500B7FC8F /* NSArray+sample.m */; };
		C8887877199CA25500B7FC8F /* NSArray+select.m in Sources */ = {isa = PBXBuildFile; fileRef = C8887844199CA25500B7FC8F /* NSArray+select.m */; };
		C8887878199CA25500B7FC8F /* NSArray+shuffle.m in Sources */ = {isa = PBXBuildFile; fileRef = C8887845199CA25500B7FC8F /* NSArray+shuffle.m */; };
		C8887879199CA25500B7FC8F /* NSArray+skip.m in Sources */ = {isa = PBXBuildFile; fileRef = C8887846199CA25500B7FC8F /* NSArray+skip.m */; };
		C888787A199CA25500B7FC8F /* NSArray+slice.m in Sources */ = {isa = PBXBuildFile; fileRef = C8887847199CA25500B7FC8F /* NSArray+slice.m */; };
		C888787B199CA25500B7FC8F /* NSArray+snip.m in Sources */ = {isa = PBXBuildFile; fileRef = C8887848199CA25500B7FC8F /* NSArray+snip.m */; };
		C888787C199CA25500B7FC8F /* NSArray+sort.m in Sources */ = {isa = PBXBuildFile; fileRef = C8887849199CA25500B7FC8F /* NSArray+sort.m */; };
		C888787D199CA25500B7FC8F /* NSArray+transpose.m in Sources */ = {isa = PBXBuildFile; fileRef = C888784A199CA25500B7FC8F /* NSArray+transpose.m */; };
		C888787E199CA25500B7FC8F /* NSArray+uniq.m in Sources */ = {isa = PBXBuildFile; fileRef = C888784B199CA25500B7FC8F /* NSArray+uniq.m */; };
		C888787F199CA25500B7FC8F /* NSArray+without.m in Sources */ = {isa = PBXBuildFile; fileRef = C888784C199CA25500B7FC8F /* NSArray+without.m */; };
		C8887880199CA25500B7FC8F /* NSDictionary+array.m in Sources */ = {isa = PBXBuildFile; fileRef = C888784D199CA25500B7FC8F /* NSDictionary+array.m */; };
		C8887881199CA25500B7FC8F /* NSDictionary+extend.m in Sources */ = {isa = PBXBuildFile; fileRef = C888784E199CA25500B7FC8F /* NSDictionary+extend.m */; };
		C8887882199CA25500B7FC8F /* NSDictionary+get.m in Sources */ = {isa = PBXBuildFile; fileRef = C888784F199CA25500B7FC8F /* NSDictionary+get.m */; };
		C8887883199CA25500B7FC8F /* NSDictionary+map.m in Sources */ = {isa = PBXBuildFile; fileRef = C8887850199CA25500B7FC8F /* NSDictionary+map.m */; };
		C8887884199CA25500B7FC8F /* NSDictionary+pick.m in Sources */ = {isa = PBXBuildFile; fileRef = C8887851199CA25500B7FC8F /* NSDictionary+pick.m */; };
		C8887885199CA25500B7FC8F /* NSMutableArray+pop.m in Sources */ = {isa = PBXBuildFile; fileRef = C8887852199CA25500B7FC8F /* NSMutableArray+pop.m */; };
		C8887886199CA25500B7FC8F /* NSMutableArray+push.m in Sources */ = {isa = PBXBuildFile; fileRef = C8887853199CA25500B7FC8F /* NSMutableArray+push.m */; };
		C8887887199CA25500B7FC8F /* NSMutableArray+shift.m in Sources */ = {isa = PBXBuildFile; fileRef = C8887854199CA25500B7FC8F /* NSMutableArray+shift.m */; };
		C8887888199CA25500B7FC8F /* NSMutableArray+unshift.m in Sources */ = {isa = PBXBuildFile; fileRef = C8887855199CA25500B7FC8F /* NSMutableArray+unshift.m */; };
		C8887889199CA25500B7FC8F /* NSNumber+upTo.m in Sources */ = {isa = PBXBuildFile; fileRef = C8887856199CA25500B7FC8F /* NSNumber+upTo.m */; };
		C888788A199CA25500B7FC8F /* NSSet+each.m in Sources */ = {isa = PBXBuildFile; fileRef = C8887857199CA25500B7FC8F /* NSSet+each.m */; };
		C888788B199CA25500B7FC8F /* NSString+split.m in Sources */ = {isa = PBXBuildFile; fileRef = C8887858199CA25500B7FC8F /* NSString+split.m */; };
		C888788C199CA25500B7FC8F /* YOLO.m in Sources */ = {isa = PBXBuildFile; fileRef = C888785B199CA25500B7FC8F /* YOLO.m */; };
		C888788E199CA28000B7FC8F /* YOLO.ph in Resources */ = {isa = PBXBuildFile; fileRef = C888788D199CA28000B7FC8F /* YOLO.ph */; };
		C88878A8199CB9E300B7FC8F /* FEDMultiProxy.mm in Sources */ = {isa = PBXBuildFile; fileRef = C8887892199CB9E300B7FC8F /* FEDMultiProxy.mm */; };
		C88878A9199CB9E300B7FC8F /* FEDProxy.mm in Sources */ = {isa = PBXBuildFile; fileRef = C8887894199CB9E300B7FC8F /* FEDProxy.mm */; };
		C88878AA199CB9E300B7FC8F /* FEDRuntime.m in Sources */ = {isa = PBXBuildFile; fileRef = C8887896199CB9E300B7FC8F /* FEDRuntime.m */; };
		C88878AB199CB9E300B7FC8F /* MARTNSObject.m in Sources */ = {isa = PBXBuildFile; fileRef = C888789A199CB9E300B7FC8F /* MARTNSObject.m */; settings = {COMPILER_FLAGS = "-fno-objc-arc"; }; };
		C88878AC199CB9E300B7FC8F /* RTIvar.m in Sources */ = {isa = PBXBuildFile; fileRef = C888789C199CB9E300B7FC8F /* RTIvar.m */; settings = {COMPILER_FLAGS = "-fno-objc-arc"; }; };
		C88878AD199CB9E300B7FC8F /* RTMethod.m in Sources */ = {isa = PBXBuildFile; fileRef = C888789E199CB9E300B7FC8F /* RTMethod.m */; settings = {COMPILER_FLAGS = "-fno-objc-arc"; }; };
		C88878AE199CB9E300B7FC8F /* RTProperty.m in Sources */ = {isa = PBXBuildFile; fileRef = C88878A0199CB9E300B7FC8F /* RTProperty.m */; settings = {COMPILER_FLAGS = "-fno-objc-arc"; }; };
		C88878AF199CB9E300B7FC8F /* RTProtocol.m in Sources */ = {isa = PBXBuildFile; fileRef = C88878A2199CB9E300B7FC8F /* RTProtocol.m */; settings = {COMPILER_FLAGS = "-fno-objc-arc"; }; };
		C88878B0199CB9E300B7FC8F /* RTUnregisteredClass.m in Sources */ = {isa = PBXBuildFile; fileRef = C88878A4199CB9E300B7FC8F /* RTUnregisteredClass.m */; settings = {COMPILER_FLAGS = "-fno-objc-arc"; }; };
		C88878B1199CB9E300B7FC8F /* MAObjCRuntime+FEDAdditions.m in Sources */ = {isa = PBXBuildFile; fileRef = C88878A7199CB9E300B7FC8F /* MAObjCRuntime+FEDAdditions.m */; settings = {COMPILER_FLAGS = "-fno-objc-arc"; }; };
/* End PBXBuildFile section */

/* Begin PBXContainerItemProxy section */
		C824F00C1974F1CE0074EC5D /* PBXContainerItemProxy */ = {
			isa = PBXContainerItemProxy;
			containerPortal = C824EFDE1974F1CE0074EC5D /* Project object */;
			proxyType = 1;
			remoteGlobalIDString = C824EFE51974F1CE0074EC5D;
			remoteInfo = AdvanceObjectiveC;
		};
/* End PBXContainerItemProxy section */

/* Begin PBXFileReference section */
		C80F8FCF197767DD0086C986 /* tableview_header.png */ = {isa = PBXFileReference; lastKnownFileType = image.png; path = tableview_header.png; sourceTree = "<group>"; };
		C80F8FD11977CD7A0086C986 /* NSObject+RuntimeProperty.h */ = {isa = PBXFileReference; fileEncoding = 4; lastKnownFileType = sourcecode.c.h; path = "NSObject+RuntimeProperty.h"; sourceTree = "<group>"; };
		C80F8FD21977CD7A0086C986 /* NSObject+RuntimeProperty.m */ = {isa = PBXFileReference; fileEncoding = 4; lastKnownFileType = sourcecode.c.objc; path = "NSObject+RuntimeProperty.m"; sourceTree = "<group>"; };
		C8159687197624F0004339C3 /* block.c */ = {isa = PBXFileReference; fileEncoding = 4; lastKnownFileType = sourcecode.c.c; path = block.c; sourceTree = "<group>"; };
		C815968919762695004339C3 /* block.cpp */ = {isa = PBXFileReference; fileEncoding = 4; lastKnownFileType = sourcecode.cpp.cpp; path = block.cpp; sourceTree = "<group>"; };
		C815968B1976383B004339C3 /* JRSwizzle.h */ = {isa = PBXFileReference; fileEncoding = 4; lastKnownFileType = sourcecode.c.h; path = JRSwizzle.h; sourceTree = "<group>"; };
		C815968C1976383B004339C3 /* JRSwizzle.m */ = {isa = PBXFileReference; fileEncoding = 4; lastKnownFileType = sourcecode.c.objc; path = JRSwizzle.m; sourceTree = "<group>"; };
		C815968D1976383B004339C3 /* MethodSwizzle.h */ = {isa = PBXFileReference; fileEncoding = 4; lastKnownFileType = sourcecode.c.h; path = MethodSwizzle.h; sourceTree = "<group>"; };
		C815968E1976383B004339C3 /* MethodSwizzle.m */ = {isa = PBXFileReference; fileEncoding = 4; lastKnownFileType = sourcecode.c.objc; path = MethodSwizzle.m; sourceTree = "<group>"; };
		C824EFE61974F1CE0074EC5D /* AdvanceObjectiveC.app */ = {isa = PBXFileReference; explicitFileType = wrapper.application; includeInIndex = 0; path = AdvanceObjectiveC.app; sourceTree = BUILT_PRODUCTS_DIR; };
		C824EFE91974F1CE0074EC5D /* Foundation.framework */ = {isa = PBXFileReference; lastKnownFileType = wrapper.framework; name = Foundation.framework; path = System/Library/Frameworks/Foundation.framework; sourceTree = SDKROOT; };
		C824EFEB1974F1CE0074EC5D /* CoreGraphics.framework */ = {isa = PBXFileReference; lastKnownFileType = wrapper.framework; name = CoreGraphics.framework; path = System/Library/Frameworks/CoreGraphics.framework; sourceTree = SDKROOT; };
		C824EFED1974F1CE0074EC5D /* UIKit.framework */ = {isa = PBXFileReference; lastKnownFileType = wrapper.framework; name = UIKit.framework; path = System/Library/Frameworks/UIKit.framework; sourceTree = SDKROOT; };
		C824EFF11974F1CE0074EC5D /* AdvanceObjectiveC-Info.plist */ = {isa = PBXFileReference; lastKnownFileType = text.plist.xml; path = "AdvanceObjectiveC-Info.plist"; sourceTree = "<group>"; };
		C824EFF31974F1CE0074EC5D /* en */ = {isa = PBXFileReference; lastKnownFileType = text.plist.strings; name = en; path = en.lproj/InfoPlist.strings; sourceTree = "<group>"; };
		C824EFF51974F1CE0074EC5D /* main.m */ = {isa = PBXFileReference; lastKnownFileType = sourcecode.c.objc; path = main.m; sourceTree = "<group>"; };
		C824EFF71974F1CE0074EC5D /* AdvanceObjectiveC-Prefix.pch */ = {isa = PBXFileReference; lastKnownFileType = sourcecode.c.h; path = "AdvanceObjectiveC-Prefix.pch"; sourceTree = "<group>"; };
		C824EFF81974F1CE0074EC5D /* AdvanceObjectiveCAppDelegate.h */ = {isa = PBXFileReference; lastKnownFileType = sourcecode.c.h; path = AdvanceObjectiveCAppDelegate.h; sourceTree = "<group>"; };
		C824EFF91974F1CE0074EC5D /* AdvanceObjectiveCAppDelegate.m */ = {isa = PBXFileReference; lastKnownFileType = sourcecode.c.objc; path = AdvanceObjectiveCAppDelegate.m; sourceTree = "<group>"; };
		C824EFFC1974F1CE0074EC5D /* Base */ = {isa = PBXFileReference; lastKnownFileType = file.storyboard; name = Base; path = Base.lproj/Main.storyboard; sourceTree = "<group>"; };
		C824EFFE1974F1CE0074EC5D /* AdvanceObjectiveCViewController.h */ = {isa = PBXFileReference; lastKnownFileType = sourcecode.c.h; path = AdvanceObjectiveCViewController.h; sourceTree = "<group>"; };
		C824EFFF1974F1CE0074EC5D /* AdvanceObjectiveCViewController.m */ = {isa = PBXFileReference; lastKnownFileType = sourcecode.c.objc; path = AdvanceObjectiveCViewController.m; sourceTree = "<group>"; };
		C824F0011974F1CE0074EC5D /* Images.xcassets */ = {isa = PBXFileReference; lastKnownFileType = folder.assetcatalog; path = Images.xcassets; sourceTree = "<group>"; };
		C824F0071974F1CE0074EC5D /* AdvanceObjectiveCTests.xctest */ = {isa = PBXFileReference; explicitFileType = wrapper.cfbundle; includeInIndex = 0; path = AdvanceObjectiveCTests.xctest; sourceTree = BUILT_PRODUCTS_DIR; };
		C824F0081974F1CE0074EC5D /* XCTest.framework */ = {isa = PBXFileReference; lastKnownFileType = wrapper.framework; name = XCTest.framework; path = Library/Frameworks/XCTest.framework; sourceTree = DEVELOPER_DIR; };
		C824F0101974F1CE0074EC5D /* AdvanceObjectiveCTests-Info.plist */ = {isa = PBXFileReference; lastKnownFileType = text.plist.xml; path = "AdvanceObjectiveCTests-Info.plist"; sourceTree = "<group>"; };
		C824F0121974F1CE0074EC5D /* en */ = {isa = PBXFileReference; lastKnownFileType = text.plist.strings; name = en; path = en.lproj/InfoPlist.strings; sourceTree = "<group>"; };
		C824F0141974F1CE0074EC5D /* AdvanceObjectiveCTests.m */ = {isa = PBXFileReference; lastKnownFileType = sourcecode.c.objc; path = AdvanceObjectiveCTests.m; sourceTree = "<group>"; };
		C824F01E1974FBC00074EC5D /* libobjc.A.dylib */ = {isa = PBXFileReference; lastKnownFileType = "compiled.mach-o.dylib"; name = libobjc.A.dylib; path = usr/lib/libobjc.A.dylib; sourceTree = SDKROOT; };
		C824F0201975132D0074EC5D /* libobjc.dylib */ = {isa = PBXFileReference; lastKnownFileType = "compiled.mach-o.dylib"; name = libobjc.dylib; path = usr/lib/libobjc.dylib; sourceTree = SDKROOT; };
		C88877B5199C41B700B7FC8F /* NSObject+DLIntrospection.h */ = {isa = PBXFileReference; fileEncoding = 4; lastKnownFileType = sourcecode.c.h; name = "NSObject+DLIntrospection.h"; path = "DLIntrospection/NSObject+DLIntrospection.h"; sourceTree = "<group>"; };
		C88877B6199C41B700B7FC8F /* NSObject+DLIntrospection.m */ = {isa = PBXFileReference; fileEncoding = 4; lastKnownFileType = sourcecode.c.objc; name = "NSObject+DLIntrospection.m"; path = "DLIntrospection/NSObject+DLIntrospection.m"; sourceTree = "<group>"; };
		C88877B9199C421600B7FC8F /* BIItem.h */ = {isa = PBXFileReference; fileEncoding = 4; lastKnownFileType = sourcecode.c.h; name = BIItem.h; path = BlockInjection/BIItem.h; sourceTree = "<group>"; };
		C88877BA199C421600B7FC8F /* BIItem.m */ = {isa = PBXFileReference; fileEncoding = 4; lastKnownFileType = sourcecode.c.objc; name = BIItem.m; path = BlockInjection/BIItem.m; sourceTree = "<group>"; };
		C88877BB199C421600B7FC8F /* BIItemManager.h */ = {isa = PBXFileReference; fileEncoding = 4; lastKnownFileType = sourcecode.c.h; name = BIItemManager.h; path = BlockInjection/BIItemManager.h; sourceTree = "<group>"; };
		C88877BC199C421600B7FC8F /* BIItemManager.m */ = {isa = PBXFileReference; fileEncoding = 4; lastKnownFileType = sourcecode.c.objc; name = BIItemManager.m; path = BlockInjection/BIItemManager.m; sourceTree = "<group>"; };
		C88877BD199C421600B7FC8F /* BILib.h */ = {isa = PBXFileReference; fileEncoding = 4; lastKnownFileType = sourcecode.c.h; name = BILib.h; path = BlockInjection/BILib.h; sourceTree = "<group>"; };
		C88877BE199C421600B7FC8F /* BILib.m */ = {isa = PBXFileReference; fileEncoding = 4; lastKnownFileType = sourcecode.c.objc; name = BILib.m; path = BlockInjection/BILib.m; sourceTree = "<group>"; };
		C88877BF199C421600B7FC8F /* BILibArg.h */ = {isa = PBXFileReference; fileEncoding = 4; lastKnownFileType = sourcecode.c.h; name = BILibArg.h; path = BlockInjection/BILibArg.h; sourceTree = "<group>"; };
		C88877C0199C421600B7FC8F /* BILibArg.m */ = {isa = PBXFileReference; fileEncoding = 4; lastKnownFileType = sourcecode.c.objc; name = BILibArg.m; path = BlockInjection/BILibArg.m; sourceTree = "<group>"; };
		C88877C1199C421600B7FC8F /* BILibDummyStruct.h */ = {isa = PBXFileReference; fileEncoding = 4; lastKnownFileType = sourcecode.c.h; name = BILibDummyStruct.h; path = BlockInjection/BILibDummyStruct.h; sourceTree = "<group>"; };
		C88877C2199C421600B7FC8F /* BILibExclusives.h */ = {isa = PBXFileReference; fileEncoding = 4; lastKnownFileType = sourcecode.c.h; name = BILibExclusives.h; path = BlockInjection/BILibExclusives.h; sourceTree = "<group>"; };
		C88877C3199C421600B7FC8F /* BILibUtils.h */ = {isa = PBXFileReference; fileEncoding = 4; lastKnownFileType = sourcecode.c.h; name = BILibUtils.h; path = BlockInjection/BILibUtils.h; sourceTree = "<group>"; };
		C88877C4199C421600B7FC8F /* BILibUtils.m */ = {isa = PBXFileReference; fileEncoding = 4; lastKnownFileType = sourcecode.c.objc; name = BILibUtils.m; path = BlockInjection/BILibUtils.m; sourceTree = "<group>"; };
		C88877CB199C49C500B7FC8F /* ACAccountStore+PromiseKit.h */ = {isa = PBXFileReference; fileEncoding = 4; lastKnownFileType = sourcecode.c.h; name = "ACAccountStore+PromiseKit.h"; path = "PromiseKit/ACAccountStore+PromiseKit.h"; sourceTree = "<group>"; };
		C88877CC199C49C500B7FC8F /* ACAccountStore+PromiseKit.m */ = {isa = PBXFileReference; fileEncoding = 4; lastKnownFileType = sourcecode.c.objc; name = "ACAccountStore+PromiseKit.m"; path = "PromiseKit/ACAccountStore+PromiseKit.m"; sourceTree = "<group>"; };
		C88877CD199C49C500B7FC8F /* AVAudioSession+PromiseKit.h */ = {isa = PBXFileReference; fileEncoding = 4; lastKnownFileType = sourcecode.c.h; name = "AVAudioSession+PromiseKit.h"; path = "PromiseKit/AVAudioSession+PromiseKit.h"; sourceTree = "<group>"; };
		C88877CE199C49C500B7FC8F /* AVAudioSession+PromiseKit.m */ = {isa = PBXFileReference; fileEncoding = 4; lastKnownFileType = sourcecode.c.objc; name = "AVAudioSession+PromiseKit.m"; path = "PromiseKit/AVAudioSession+PromiseKit.m"; sourceTree = "<group>"; };
		C88877CF199C49C500B7FC8F /* CKContainer+PromiseKit.h */ = {isa = PBXFileReference; fileEncoding = 4; lastKnownFileType = sourcecode.c.h; name = "CKContainer+PromiseKit.h"; path = "PromiseKit/CKContainer+PromiseKit.h"; sourceTree = "<group>"; };
		C88877D0199C49C500B7FC8F /* CKContainer+PromiseKit.m */ = {isa = PBXFileReference; fileEncoding = 4; lastKnownFileType = sourcecode.c.objc; name = "CKContainer+PromiseKit.m"; path = "PromiseKit/CKContainer+PromiseKit.m"; sourceTree = "<group>"; };
		C88877D1199C49C500B7FC8F /* CKDatabase+PromiseKit.h */ = {isa = PBXFileReference; fileEncoding = 4; lastKnownFileType = sourcecode.c.h; name = "CKDatabase+PromiseKit.h"; path = "PromiseKit/CKDatabase+PromiseKit.h"; sourceTree = "<group>"; };
		C88877D2199C49C500B7FC8F /* CKDatabase+PromiseKit.m */ = {isa = PBXFileReference; fileEncoding = 4; lastKnownFileType = sourcecode.c.objc; name = "CKDatabase+PromiseKit.m"; path = "PromiseKit/CKDatabase+PromiseKit.m"; sourceTree = "<group>"; };
		C88877D3199C49C500B7FC8F /* CLGeocoder+PromiseKit.h */ = {isa = PBXFileReference; fileEncoding = 4; lastKnownFileType = sourcecode.c.h; name = "CLGeocoder+PromiseKit.h"; path = "PromiseKit/CLGeocoder+PromiseKit.h"; sourceTree = "<group>"; };
		C88877D4199C49C500B7FC8F /* CLGeocoder+PromiseKit.m */ = {isa = PBXFileReference; fileEncoding = 4; lastKnownFileType = sourcecode.c.objc; name = "CLGeocoder+PromiseKit.m"; path = "PromiseKit/CLGeocoder+PromiseKit.m"; sourceTree = "<group>"; };
		C88877D5199C49C500B7FC8F /* CLLocationManager+PromiseKit.h */ = {isa = PBXFileReference; fileEncoding = 4; lastKnownFileType = sourcecode.c.h; name = "CLLocationManager+PromiseKit.h"; path = "PromiseKit/CLLocationManager+PromiseKit.h"; sourceTree = "<group>"; };
		C88877D6199C49C500B7FC8F /* CLLocationManager+PromiseKit.m */ = {isa = PBXFileReference; fileEncoding = 4; lastKnownFileType = sourcecode.c.objc; name = "CLLocationManager+PromiseKit.m"; path = "PromiseKit/CLLocationManager+PromiseKit.m"; sourceTree = "<group>"; };
		C88877D8199C49C500B7FC8F /* PromiseKit+Accounts.h */ = {isa = PBXFileReference; fileEncoding = 4; lastKnownFileType = sourcecode.c.h; path = "PromiseKit+Accounts.h"; sourceTree = "<group>"; };
		C88877D9199C49C500B7FC8F /* PromiseKit+AVFoundation.h */ = {isa = PBXFileReference; fileEncoding = 4; lastKnownFileType = sourcecode.c.h; path = "PromiseKit+AVFoundation.h"; sourceTree = "<group>"; };
		C88877DA199C49C500B7FC8F /* PromiseKit+CoreLocation.h */ = {isa = PBXFileReference; fileEncoding = 4; lastKnownFileType = sourcecode.c.h; path = "PromiseKit+CoreLocation.h"; sourceTree = "<group>"; };
		C88877DB199C49C500B7FC8F /* PromiseKit+Foundation.h */ = {isa = PBXFileReference; fileEncoding = 4; lastKnownFileType = sourcecode.c.h; path = "PromiseKit+Foundation.h"; sourceTree = "<group>"; };
		C88877DC199C49C500B7FC8F /* PromiseKit+MapKit.h */ = {isa = PBXFileReference; fileEncoding = 4; lastKnownFileType = sourcecode.c.h; path = "PromiseKit+MapKit.h"; sourceTree = "<group>"; };
		C88877DD199C49C500B7FC8F /* PromiseKit+Social.h */ = {isa = PBXFileReference; fileEncoding = 4; lastKnownFileType = sourcecode.c.h; path = "PromiseKit+Social.h"; sourceTree = "<group>"; };
		C88877DE199C49C500B7FC8F /* PromiseKit+StoreKit.h */ = {isa = PBXFileReference; fileEncoding = 4; lastKnownFileType = sourcecode.c.h; path = "PromiseKit+StoreKit.h"; sourceTree = "<group>"; };
		C88877DF199C49C500B7FC8F /* PromiseKit+UIAnimation.h */ = {isa = PBXFileReference; fileEncoding = 4; lastKnownFileType = sourcecode.c.h; path = "PromiseKit+UIAnimation.h"; sourceTree = "<group>"; };
		C88877E0199C49C500B7FC8F /* PromiseKit+UIKit.h */ = {isa = PBXFileReference; fileEncoding = 4; lastKnownFileType = sourcecode.c.h; path = "PromiseKit+UIKit.h"; sourceTree = "<group>"; };
		C88877E1199C49C500B7FC8F /* MKDirections+PromiseKit.h */ = {isa = PBXFileReference; fileEncoding = 4; lastKnownFileType = sourcecode.c.h; name = "MKDirections+PromiseKit.h"; path = "PromiseKit/MKDirections+PromiseKit.h"; sourceTree = "<group>"; };
		C88877E2199C49C500B7FC8F /* MKDirections+PromiseKit.m */ = {isa = PBXFileReference; fileEncoding = 4; lastKnownFileType = sourcecode.c.objc; name = "MKDirections+PromiseKit.m"; path = "PromiseKit/MKDirections+PromiseKit.m"; sourceTree = "<group>"; };
		C88877E3199C49C500B7FC8F /* MKMapSnapshotter+PromiseKit.h */ = {isa = PBXFileReference; fileEncoding = 4; lastKnownFileType = sourcecode.c.h; name = "MKMapSnapshotter+PromiseKit.h"; path = "PromiseKit/MKMapSnapshotter+PromiseKit.h"; sourceTree = "<group>"; };
		C88877E4199C49C500B7FC8F /* MKMapSnapshotter+PromiseKit.m */ = {isa = PBXFileReference; fileEncoding = 4; lastKnownFileType = sourcecode.c.objc; name = "MKMapSnapshotter+PromiseKit.m"; path = "PromiseKit/MKMapSnapshotter+PromiseKit.m"; sourceTree = "<group>"; };
		C88877E5199C49C500B7FC8F /* NSNotificationCenter+PromiseKit.h */ = {isa = PBXFileReference; fileEncoding = 4; lastKnownFileType = sourcecode.c.h; name = "NSNotificationCenter+PromiseKit.h"; path = "PromiseKit/NSNotificationCenter+PromiseKit.h"; sourceTree = "<group>"; };
		C88877E6199C49C500B7FC8F /* NSNotificationCenter+PromiseKit.m */ = {isa = PBXFileReference; fileEncoding = 4; lastKnownFileType = sourcecode.c.objc; name = "NSNotificationCenter+PromiseKit.m"; path = "PromiseKit/NSNotificationCenter+PromiseKit.m"; sourceTree = "<group>"; };
		C88877E7199C49C500B7FC8F /* NSURLConnection+PromiseKit.h */ = {isa = PBXFileReference; fileEncoding = 4; lastKnownFileType = sourcecode.c.h; name = "NSURLConnection+PromiseKit.h"; path = "PromiseKit/NSURLConnection+PromiseKit.h"; sourceTree = "<group>"; };
		C88877E8199C49C500B7FC8F /* NSURLConnection+PromiseKit.m */ = {isa = PBXFileReference; fileEncoding = 4; lastKnownFileType = sourcecode.c.objc; name = "NSURLConnection+PromiseKit.m"; path = "PromiseKit/NSURLConnection+PromiseKit.m"; sourceTree = "<group>"; };
		C88877E9199C49C500B7FC8F /* PMKPromise.m */ = {isa = PBXFileReference; fileEncoding = 4; lastKnownFileType = sourcecode.c.objc; name = PMKPromise.m; path = PromiseKit/PMKPromise.m; sourceTree = "<group>"; };
		C88877EA199C49C500B7FC8F /* PMKPromise+Pause.m */ = {isa = PBXFileReference; fileEncoding = 4; lastKnownFileType = sourcecode.c.objc; name = "PMKPromise+Pause.m"; path = "PromiseKit/PMKPromise+Pause.m"; sourceTree = "<group>"; };
		C88877EB199C49C500B7FC8F /* PMKPromise+Until.m */ = {isa = PBXFileReference; fileEncoding = 4; lastKnownFileType = sourcecode.c.objc; name = "PMKPromise+Until.m"; path = "PromiseKit/PMKPromise+Until.m"; sourceTree = "<group>"; };
		C88877EC199C49C500B7FC8F /* PMKPromise+When.m */ = {isa = PBXFileReference; fileEncoding = 4; lastKnownFileType = sourcecode.c.objc; name = "PMKPromise+When.m"; path = "PromiseKit/PMKPromise+When.m"; sourceTree = "<group>"; };
		C88877EE199C49C500B7FC8F /* NSMethodSignatureForBlock.m */ = {isa = PBXFileReference; fileEncoding = 4; lastKnownFileType = sourcecode.c.objc; path = NSMethodSignatureForBlock.m; sourceTree = "<group>"; };
		C88877EF199C49C500B7FC8F /* xctest.rb */ = {isa = PBXFileReference; fileEncoding = 4; lastKnownFileType = text.script.ruby; path = xctest.rb; sourceTree = "<group>"; };
		C88877F1199C49C500B7FC8F /* fwd.h */ = {isa = PBXFileReference; fileEncoding = 4; lastKnownFileType = sourcecode.c.h; path = fwd.h; sourceTree = "<group>"; };
		C88877F2199C49C500B7FC8F /* Promise+Pause.h */ = {isa = PBXFileReference; fileEncoding = 4; lastKnownFileType = sourcecode.c.h; path = "Promise+Pause.h"; sourceTree = "<group>"; };
		C88877F3199C49C500B7FC8F /* Promise+Until.h */ = {isa = PBXFileReference; fileEncoding = 4; lastKnownFileType = sourcecode.c.h; path = "Promise+Until.h"; sourceTree = "<group>"; };
		C88877F4199C49C500B7FC8F /* Promise+When.h */ = {isa = PBXFileReference; fileEncoding = 4; lastKnownFileType = sourcecode.c.h; path = "Promise+When.h"; sourceTree = "<group>"; };
		C88877F5199C49C500B7FC8F /* Promise.h */ = {isa = PBXFileReference; fileEncoding = 4; lastKnownFileType = sourcecode.c.h; path = Promise.h; sourceTree = "<group>"; };
		C88877F6199C49C500B7FC8F /* PromiseKit.h */ = {isa = PBXFileReference; fileEncoding = 4; lastKnownFileType = sourcecode.c.h; name = PromiseKit.h; path = PromiseKit/PromiseKit.h; sourceTree = "<group>"; };
		C88877F7199C49C500B7FC8F /* SKProductsRequest+PromiseKit.h */ = {isa = PBXFileReference; fileEncoding = 4; lastKnownFileType = sourcecode.c.h; name = "SKProductsRequest+PromiseKit.h"; path = "PromiseKit/SKProductsRequest+PromiseKit.h"; sourceTree = "<group>"; };
		C88877F8199C49C500B7FC8F /* SKProductsRequest+PromiseKit.m */ = {isa = PBXFileReference; fileEncoding = 4; lastKnownFileType = sourcecode.c.objc; name = "SKProductsRequest+PromiseKit.m"; path = "PromiseKit/SKProductsRequest+PromiseKit.m"; sourceTree = "<group>"; };
		C88877F9199C49C500B7FC8F /* SLRequest+PromiseKit.h */ = {isa = PBXFileReference; fileEncoding = 4; lastKnownFileType = sourcecode.c.h; name = "SLRequest+PromiseKit.h"; path = "PromiseKit/SLRequest+PromiseKit.h"; sourceTree = "<group>"; };
		C88877FA199C49C500B7FC8F /* SLRequest+PromiseKit.m */ = {isa = PBXFileReference; fileEncoding = 4; lastKnownFileType = sourcecode.c.objc; name = "SLRequest+PromiseKit.m"; path = "PromiseKit/SLRequest+PromiseKit.m"; sourceTree = "<group>"; };
		C88877FB199C49C500B7FC8F /* tests */ = {isa = PBXFileReference; fileEncoding = 4; lastKnownFileType = text; name = tests; path = PromiseKit/tests; sourceTree = "<group>"; };
		C88877FC199C49C500B7FC8F /* UIActionSheet+PromiseKit.h */ = {isa = PBXFileReference; fileEncoding = 4; lastKnownFileType = sourcecode.c.h; name = "UIActionSheet+PromiseKit.h"; path = "PromiseKit/UIActionSheet+PromiseKit.h"; sourceTree = "<group>"; };
		C88877FD199C49C500B7FC8F /* UIActionSheet+PromiseKit.m */ = {isa = PBXFileReference; fileEncoding = 4; lastKnownFileType = sourcecode.c.objc; name = "UIActionSheet+PromiseKit.m"; path = "PromiseKit/UIActionSheet+PromiseKit.m"; sourceTree = "<group>"; };
		C88877FE199C49C500B7FC8F /* UIAlertView+PromiseKit.h */ = {isa = PBXFileReference; fileEncoding = 4; lastKnownFileType = sourcecode.c.h; name = "UIAlertView+PromiseKit.h"; path = "PromiseKit/UIAlertView+PromiseKit.h"; sourceTree = "<group>"; };
		C88877FF199C49C500B7FC8F /* UIAlertView+PromiseKit.m */ = {isa = PBXFileReference; fileEncoding = 4; lastKnownFileType = sourcecode.c.objc; name = "UIAlertView+PromiseKit.m"; path = "PromiseKit/UIAlertView+PromiseKit.m"; sourceTree = "<group>"; };
		C8887800199C49C500B7FC8F /* UIView+PromiseKit.h */ = {isa = PBXFileReference; fileEncoding = 4; lastKnownFileType = sourcecode.c.h; name = "UIView+PromiseKit.h"; path = "PromiseKit/UIView+PromiseKit.h"; sourceTree = "<group>"; };
		C8887801199C49C500B7FC8F /* UIView+PromiseKit.m */ = {isa = PBXFileReference; fileEncoding = 4; lastKnownFileType = sourcecode.c.objc; name = "UIView+PromiseKit.m"; path = "PromiseKit/UIView+PromiseKit.m"; sourceTree = "<group>"; };
		C8887802199C49C500B7FC8F /* UIViewController+PromiseKit.h */ = {isa = PBXFileReference; fileEncoding = 4; lastKnownFileType = sourcecode.c.h; name = "UIViewController+PromiseKit.h"; path = "PromiseKit/UIViewController+PromiseKit.h"; sourceTree = "<group>"; };
		C8887803199C49C500B7FC8F /* UIViewController+PromiseKit.m */ = {isa = PBXFileReference; fileEncoding = 4; lastKnownFileType = sourcecode.c.objc; name = "UIViewController+PromiseKit.m"; path = "PromiseKit/UIViewController+PromiseKit.m"; sourceTree = "<group>"; };
		C8887822199C936F00B7FC8F /* OMGHTTPURLRQ.h */ = {isa = PBXFileReference; fileEncoding = 4; lastKnownFileType = sourcecode.c.h; name = OMGHTTPURLRQ.h; path = PromiseKit/OMGHTTPURLRQ.h; sourceTree = "<group>"; };
		C8887823199C936F00B7FC8F /* OMGHTTPURLRQ.m */ = {isa = PBXFileReference; fileEncoding = 4; lastKnownFileType = sourcecode.c.objc; name = OMGHTTPURLRQ.m; path = PromiseKit/OMGHTTPURLRQ.m; sourceTree = "<group>"; };
		C8887824199C936F00B7FC8F /* OMGUserAgent.h */ = {isa = PBXFileReference; fileEncoding = 4; lastKnownFileType = sourcecode.c.h; name = OMGUserAgent.h; path = PromiseKit/OMGUserAgent.h; sourceTree = "<group>"; };
		C8887825199C936F00B7FC8F /* OMGUserAgent.m */ = {isa = PBXFileReference; fileEncoding = 4; lastKnownFileType = sourcecode.c.objc; name = OMGUserAgent.m; path = PromiseKit/OMGUserAgent.m; sourceTree = "<group>"; };
		C8887829199CA25500B7FC8F /* NSArray+all.m */ = {isa = PBXFileReference; fileEncoding = 4; lastKnownFileType = sourcecode.c.objc; name = "NSArray+all.m"; path = "YOLOKit/NSArray+all.m"; sourceTree = "<group>"; };
		C888782A199CA25500B7FC8F /* NSArray+any.m */ = {isa = PBXFileReference; fileEncoding = 4; lastKnownFileType = sourcecode.c.objc; name = "NSArray+any.m"; path = "YOLOKit/NSArray+any.m"; sourceTree = "<group>"; };
		C888782B199CA25500B7FC8F /* NSArray+chunk.m */ = {isa = PBXFileReference; fileEncoding = 4; lastKnownFileType = sourcecode.c.objc; name = "NSArray+chunk.m"; path = "YOLOKit/NSArray+chunk.m"; sourceTree = "<group>"; };
		C888782C199CA25500B7FC8F /* NSArray+concat.m */ = {isa = PBXFileReference; fileEncoding = 4; lastKnownFileType = sourcecode.c.objc; name = "NSArray+concat.m"; path = "YOLOKit/NSArray+concat.m"; sourceTree = "<group>"; };
		C888782D199CA25500B7FC8F /* NSArray+dict.m */ = {isa = PBXFileReference; fileEncoding = 4; lastKnownFileType = sourcecode.c.objc; name = "NSArray+dict.m"; path = "YOLOKit/NSArray+dict.m"; sourceTree = "<group>"; };
		C888782E199CA25500B7FC8F /* NSArray+each.m */ = {isa = PBXFileReference; fileEncoding = 4; lastKnownFileType = sourcecode.c.objc; name = "NSArray+each.m"; path = "YOLOKit/NSArray+each.m"; sourceTree = "<group>"; };
		C888782F199CA25500B7FC8F /* NSArray+find.m */ = {isa = PBXFileReference; fileEncoding = 4; lastKnownFileType = sourcecode.c.objc; name = "NSArray+find.m"; path = "YOLOKit/NSArray+find.m"; sourceTree = "<group>"; };
		C8887830199CA25500B7FC8F /* NSArray+first.m */ = {isa = PBXFileReference; fileEncoding = 4; lastKnownFileType = sourcecode.c.objc; name = "NSArray+first.m"; path = "YOLOKit/NSArray+first.m"; sourceTree = "<group>"; };
		C8887831199CA25500B7FC8F /* NSArray+flatMap.m */ = {isa = PBXFileReference; fileEncoding = 4; lastKnownFileType = sourcecode.c.objc; name = "NSArray+flatMap.m"; path = "YOLOKit/NSArray+flatMap.m"; sourceTree = "<group>"; };
		C8887832199CA25500B7FC8F /* NSArray+flatten.m */ = {isa = PBXFileReference; fileEncoding = 4; lastKnownFileType = sourcecode.c.objc; name = "NSArray+flatten.m"; path = "YOLOKit/NSArray+flatten.m"; sourceTree = "<group>"; };
		C8887833199CA25500B7FC8F /* NSArray+groupBy.m */ = {isa = PBXFileReference; fileEncoding = 4; lastKnownFileType = sourcecode.c.objc; name = "NSArray+groupBy.m"; path = "YOLOKit/NSArray+groupBy.m"; sourceTree = "<group>"; };
		C8887834199CA25500B7FC8F /* NSArray+has.m */ = {isa = PBXFileReference; fileEncoding = 4; lastKnownFileType = sourcecode.c.objc; name = "NSArray+has.m"; path = "YOLOKit/NSArray+has.m"; sourceTree = "<group>"; };
		C8887835199CA25500B7FC8F /* NSArray+indexOf.m */ = {isa = PBXFileReference; fileEncoding = 4; lastKnownFileType = sourcecode.c.objc; name = "NSArray+indexOf.m"; path = "YOLOKit/NSArray+indexOf.m"; sourceTree = "<group>"; };
		C8887836199CA25500B7FC8F /* NSArray+inject.m */ = {isa = PBXFileReference; fileEncoding = 4; lastKnownFileType = sourcecode.c.objc; name = "NSArray+inject.m"; path = "YOLOKit/NSArray+inject.m"; sourceTree = "<group>"; };
		C8887837199CA25500B7FC8F /* NSArray+join.m */ = {isa = PBXFileReference; fileEncoding = 4; lastKnownFileType = sourcecode.c.objc; name = "NSArray+join.m"; path = "YOLOKit/NSArray+join.m"; sourceTree = "<group>"; };
		C8887838199CA25500B7FC8F /* NSArray+last.m */ = {isa = PBXFileReference; fileEncoding = 4; lastKnownFileType = sourcecode.c.objc; name = "NSArray+last.m"; path = "YOLOKit/NSArray+last.m"; sourceTree = "<group>"; };
		C8887839199CA25500B7FC8F /* NSArray+map.m */ = {isa = PBXFileReference; fileEncoding = 4; lastKnownFileType = sourcecode.c.objc; name = "NSArray+map.m"; path = "YOLOKit/NSArray+map.m"; sourceTree = "<group>"; };
		C888783A199CA25500B7FC8F /* NSArray+max.m */ = {isa = PBXFileReference; fileEncoding = 4; lastKnownFileType = sourcecode.c.objc; name = "NSArray+max.m"; path = "YOLOKit/NSArray+max.m"; sourceTree = "<group>"; };
		C888783B199CA25500B7FC8F /* NSArray+min.m */ = {isa = PBXFileReference; fileEncoding = 4; lastKnownFileType = sourcecode.c.objc; name = "NSArray+min.m"; path = "YOLOKit/NSArray+min.m"; sourceTree = "<group>"; };
		C888783C199CA25500B7FC8F /* NSArray+none.m */ = {isa = PBXFileReference; fileEncoding = 4; lastKnownFileType = sourcecode.c.objc; name = "NSArray+none.m"; path = "YOLOKit/NSArray+none.m"; sourceTree = "<group>"; };
		C888783D199CA25500B7FC8F /* NSArray+partition.m */ = {isa = PBXFileReference; fileEncoding = 4; lastKnownFileType = sourcecode.c.objc; name = "NSArray+partition.m"; path = "YOLOKit/NSArray+partition.m"; sourceTree = "<group>"; };
		C888783E199CA25500B7FC8F /* NSArray+pluck.m */ = {isa = PBXFileReference; fileEncoding = 4; lastKnownFileType = sourcecode.c.objc; name = "NSArray+pluck.m"; path = "YOLOKit/NSArray+pluck.m"; sourceTree = "<group>"; };
		C888783F199CA25500B7FC8F /* NSArray+pmap.m */ = {isa = PBXFileReference; fileEncoding = 4; lastKnownFileType = sourcecode.c.objc; name = "NSArray+pmap.m"; path = "YOLOKit/NSArray+pmap.m"; sourceTree = "<group>"; };
		C8887840199CA25500B7FC8F /* NSArray+reduce.m */ = {isa = PBXFileReference; fileEncoding = 4; lastKnownFileType = sourcecode.c.objc; name = "NSArray+reduce.m"; path = "YOLOKit/NSArray+reduce.m"; sourceTree = "<group>"; };
		C8887841199CA25500B7FC8F /* NSArray+reverse.m */ = {isa = PBXFileReference; fileEncoding = 4; lastKnownFileType = sourcecode.c.objc; name = "NSArray+reverse.m"; path = "YOLOKit/NSArray+reverse.m"; sourceTree = "<group>"; };
		C8887842199CA25500B7FC8F /* NSArray+rotate.m */ = {isa = PBXFileReference; fileEncoding = 4; lastKnownFileType = sourcecode.c.objc; name = "NSArray+rotate.m"; path = "YOLOKit/NSArray+rotate.m"; sourceTree = "<group>"; };
		C8887843199CA25500B7FC8F /* NSArray+sample.m */ = {isa = PBXFileReference; fileEncoding = 4; lastKnownFileType = sourcecode.c.objc; name = "NSArray+sample.m"; path = "YOLOKit/NSArray+sample.m"; sourceTree = "<group>"; };
		C8887844199CA25500B7FC8F /* NSArray+select.m */ = {isa = PBXFileReference; fileEncoding = 4; lastKnownFileType = sourcecode.c.objc; name = "NSArray+select.m"; path = "YOLOKit/NSArray+select.m"; sourceTree = "<group>"; };
		C8887845199CA25500B7FC8F /* NSArray+shuffle.m */ = {isa = PBXFileReference; fileEncoding = 4; lastKnownFileType = sourcecode.c.objc; name = "NSArray+shuffle.m"; path = "YOLOKit/NSArray+shuffle.m"; sourceTree = "<group>"; };
		C8887846199CA25500B7FC8F /* NSArray+skip.m */ = {isa = PBXFileReference; fileEncoding = 4; lastKnownFileType = sourcecode.c.objc; name = "NSArray+skip.m"; path = "YOLOKit/NSArray+skip.m"; sourceTree = "<group>"; };
		C8887847199CA25500B7FC8F /* NSArray+slice.m */ = {isa = PBXFileReference; fileEncoding = 4; lastKnownFileType = sourcecode.c.objc; name = "NSArray+slice.m"; path = "YOLOKit/NSArray+slice.m"; sourceTree = "<group>"; };
		C8887848199CA25500B7FC8F /* NSArray+snip.m */ = {isa = PBXFileReference; fileEncoding = 4; lastKnownFileType = sourcecode.c.objc; name = "NSArray+snip.m"; path = "YOLOKit/NSArray+snip.m"; sourceTree = "<group>"; };
		C8887849199CA25500B7FC8F /* NSArray+sort.m */ = {isa = PBXFileReference; fileEncoding = 4; lastKnownFileType = sourcecode.c.objc; name = "NSArray+sort.m"; path = "YOLOKit/NSArray+sort.m"; sourceTree = "<group>"; };
		C888784A199CA25500B7FC8F /* NSArray+transpose.m */ = {isa = PBXFileReference; fileEncoding = 4; lastKnownFileType = sourcecode.c.objc; name = "NSArray+transpose.m"; path = "YOLOKit/NSArray+transpose.m"; sourceTree = "<group>"; };
		C888784B199CA25500B7FC8F /* NSArray+uniq.m */ = {isa = PBXFileReference; fileEncoding = 4; lastKnownFileType = sourcecode.c.objc; name = "NSArray+uniq.m"; path = "YOLOKit/NSArray+uniq.m"; sourceTree = "<group>"; };
		C888784C199CA25500B7FC8F /* NSArray+without.m */ = {isa = PBXFileReference; fileEncoding = 4; lastKnownFileType = sourcecode.c.objc; name = "NSArray+without.m"; path = "YOLOKit/NSArray+without.m"; sourceTree = "<group>"; };
		C888784D199CA25500B7FC8F /* NSDictionary+array.m */ = {isa = PBXFileReference; fileEncoding = 4; lastKnownFileType = sourcecode.c.objc; name = "NSDictionary+array.m"; path = "YOLOKit/NSDictionary+array.m"; sourceTree = "<group>"; };
		C888784E199CA25500B7FC8F /* NSDictionary+extend.m */ = {isa = PBXFileReference; fileEncoding = 4; lastKnownFileType = sourcecode.c.objc; name = "NSDictionary+extend.m"; path = "YOLOKit/NSDictionary+extend.m"; sourceTree = "<group>"; };
		C888784F199CA25500B7FC8F /* NSDictionary+get.m */ = {isa = PBXFileReference; fileEncoding = 4; lastKnownFileType = sourcecode.c.objc; name = "NSDictionary+get.m"; path = "YOLOKit/NSDictionary+get.m"; sourceTree = "<group>"; };
		C8887850199CA25500B7FC8F /* NSDictionary+map.m */ = {isa = PBXFileReference; fileEncoding = 4; lastKnownFileType = sourcecode.c.objc; name = "NSDictionary+map.m"; path = "YOLOKit/NSDictionary+map.m"; sourceTree = "<group>"; };
		C8887851199CA25500B7FC8F /* NSDictionary+pick.m */ = {isa = PBXFileReference; fileEncoding = 4; lastKnownFileType = sourcecode.c.objc; name = "NSDictionary+pick.m"; path = "YOLOKit/NSDictionary+pick.m"; sourceTree = "<group>"; };
		C8887852199CA25500B7FC8F /* NSMutableArray+pop.m */ = {isa = PBXFileReference; fileEncoding = 4; lastKnownFileType = sourcecode.c.objc; name = "NSMutableArray+pop.m"; path = "YOLOKit/NSMutableArray+pop.m"; sourceTree = "<group>"; };
		C8887853199CA25500B7FC8F /* NSMutableArray+push.m */ = {isa = PBXFileReference; fileEncoding = 4; lastKnownFileType = sourcecode.c.objc; name = "NSMutableArray+push.m"; path = "YOLOKit/NSMutableArray+push.m"; sourceTree = "<group>"; };
		C8887854199CA25500B7FC8F /* NSMutableArray+shift.m */ = {isa = PBXFileReference; fileEncoding = 4; lastKnownFileType = sourcecode.c.objc; name = "NSMutableArray+shift.m"; path = "YOLOKit/NSMutableArray+shift.m"; sourceTree = "<group>"; };
		C8887855199CA25500B7FC8F /* NSMutableArray+unshift.m */ = {isa = PBXFileReference; fileEncoding = 4; lastKnownFileType = sourcecode.c.objc; name = "NSMutableArray+unshift.m"; path = "YOLOKit/NSMutableArray+unshift.m"; sourceTree = "<group>"; };
		C8887856199CA25500B7FC8F /* NSNumber+upTo.m */ = {isa = PBXFileReference; fileEncoding = 4; lastKnownFileType = sourcecode.c.objc; name = "NSNumber+upTo.m"; path = "YOLOKit/NSNumber+upTo.m"; sourceTree = "<group>"; };
		C8887857199CA25500B7FC8F /* NSSet+each.m */ = {isa = PBXFileReference; fileEncoding = 4; lastKnownFileType = sourcecode.c.objc; name = "NSSet+each.m"; path = "YOLOKit/NSSet+each.m"; sourceTree = "<group>"; };
		C8887858199CA25500B7FC8F /* NSString+split.m */ = {isa = PBXFileReference; fileEncoding = 4; lastKnownFileType = sourcecode.c.objc; name = "NSString+split.m"; path = "YOLOKit/NSString+split.m"; sourceTree = "<group>"; };
		C8887859199CA25500B7FC8F /* YOLO-all.h */ = {isa = PBXFileReference; fileEncoding = 4; lastKnownFileType = sourcecode.c.h; name = "YOLO-all.h"; path = "YOLOKit/YOLO-all.h"; sourceTree = "<group>"; };
		C888785A199CA25500B7FC8F /* YOLO.h */ = {isa = PBXFileReference; fileEncoding = 4; lastKnownFileType = sourcecode.c.h; name = YOLO.h; path = YOLOKit/YOLO.h; sourceTree = "<group>"; };
		C888785B199CA25500B7FC8F /* YOLO.m */ = {isa = PBXFileReference; fileEncoding = 4; lastKnownFileType = sourcecode.c.objc; name = YOLO.m; path = YOLOKit/YOLO.m; sourceTree = "<group>"; };
		C888788D199CA28000B7FC8F /* YOLO.ph */ = {isa = PBXFileReference; fileEncoding = 4; lastKnownFileType = text; name = YOLO.ph; path = YOLOKit/YOLO.ph; sourceTree = "<group>"; };
		C8887891199CB9E300B7FC8F /* FEDMultiProxy.h */ = {isa = PBXFileReference; fileEncoding = 4; lastKnownFileType = sourcecode.c.h; path = FEDMultiProxy.h; sourceTree = "<group>"; };
		C8887892199CB9E300B7FC8F /* FEDMultiProxy.mm */ = {isa = PBXFileReference; fileEncoding = 4; lastKnownFileType = sourcecode.cpp.objcpp; path = FEDMultiProxy.mm; sourceTree = "<group>"; };
		C8887893199CB9E300B7FC8F /* FEDProxy.h */ = {isa = PBXFileReference; fileEncoding = 4; lastKnownFileType = sourcecode.c.h; path = FEDProxy.h; sourceTree = "<group>"; };
		C8887894199CB9E300B7FC8F /* FEDProxy.mm */ = {isa = PBXFileReference; fileEncoding = 4; lastKnownFileType = sourcecode.cpp.objcpp; path = FEDProxy.mm; sourceTree = "<group>"; };
		C8887895199CB9E300B7FC8F /* FEDRuntime.h */ = {isa = PBXFileReference; fileEncoding = 4; lastKnownFileType = sourcecode.c.h; path = FEDRuntime.h; sourceTree = "<group>"; };
		C8887896199CB9E300B7FC8F /* FEDRuntime.m */ = {isa = PBXFileReference; fileEncoding = 4; lastKnownFileType = sourcecode.c.objc; path = FEDRuntime.m; sourceTree = "<group>"; };
		C8887897199CB9E300B7FC8F /* FEDelegation.h */ = {isa = PBXFileReference; fileEncoding = 4; lastKnownFileType = sourcecode.c.h; name = FEDelegation.h; path = MultiProxy/FEDelegation.h; sourceTree = "<group>"; };
		C8887899199CB9E300B7FC8F /* MARTNSObject.h */ = {isa = PBXFileReference; fileEncoding = 4; lastKnownFileType = sourcecode.c.h; path = MARTNSObject.h; sourceTree = "<group>"; };
		C888789A199CB9E300B7FC8F /* MARTNSObject.m */ = {isa = PBXFileReference; fileEncoding = 4; lastKnownFileType = sourcecode.c.objc; path = MARTNSObject.m; sourceTree = "<group>"; };
		C888789B199CB9E300B7FC8F /* RTIvar.h */ = {isa = PBXFileReference; fileEncoding = 4; lastKnownFileType = sourcecode.c.h; path = RTIvar.h; sourceTree = "<group>"; };
		C888789C199CB9E300B7FC8F /* RTIvar.m */ = {isa = PBXFileReference; fileEncoding = 4; lastKnownFileType = sourcecode.c.objc; path = RTIvar.m; sourceTree = "<group>"; };
		C888789D199CB9E300B7FC8F /* RTMethod.h */ = {isa = PBXFileReference; fileEncoding = 4; lastKnownFileType = sourcecode.c.h; path = RTMethod.h; sourceTree = "<group>"; };
		C888789E199CB9E300B7FC8F /* RTMethod.m */ = {isa = PBXFileReference; fileEncoding = 4; lastKnownFileType = sourcecode.c.objc; path = RTMethod.m; sourceTree = "<group>"; };
		C888789F199CB9E300B7FC8F /* RTProperty.h */ = {isa = PBXFileReference; fileEncoding = 4; lastKnownFileType = sourcecode.c.h; path = RTProperty.h; sourceTree = "<group>"; };
		C88878A0199CB9E300B7FC8F /* RTProperty.m */ = {isa = PBXFileReference; fileEncoding = 4; lastKnownFileType = sourcecode.c.objc; path = RTProperty.m; sourceTree = "<group>"; };
		C88878A1199CB9E300B7FC8F /* RTProtocol.h */ = {isa = PBXFileReference; fileEncoding = 4; lastKnownFileType = sourcecode.c.h; path = RTProtocol.h; sourceTree = "<group>"; };
		C88878A2199CB9E300B7FC8F /* RTProtocol.m */ = {isa = PBXFileReference; fileEncoding = 4; lastKnownFileType = sourcecode.c.objc; path = RTProtocol.m; sourceTree = "<group>"; };
		C88878A3199CB9E300B7FC8F /* RTUnregisteredClass.h */ = {isa = PBXFileReference; fileEncoding = 4; lastKnownFileType = sourcecode.c.h; path = RTUnregisteredClass.h; sourceTree = "<group>"; };
		C88878A4199CB9E300B7FC8F /* RTUnregisteredClass.m */ = {isa = PBXFileReference; fileEncoding = 4; lastKnownFileType = sourcecode.c.objc; path = RTUnregisteredClass.m; sourceTree = "<group>"; };
		C88878A6199CB9E300B7FC8F /* MAObjCRuntime+FEDAdditions.h */ = {isa = PBXFileReference; fileEncoding = 4; lastKnownFileType = sourcecode.c.h; path = "MAObjCRuntime+FEDAdditions.h"; sourceTree = "<group>"; };
		C88878A7199CB9E300B7FC8F /* MAObjCRuntime+FEDAdditions.m */ = {isa = PBXFileReference; fileEncoding = 4; lastKnownFileType = sourcecode.c.objc; path = "MAObjCRuntime+FEDAdditions.m"; sourceTree = "<group>"; };
/* End PBXFileReference section */

/* Begin PBXFrameworksBuildPhase section */
		C824EFE31974F1CE0074EC5D /* Frameworks */ = {
			isa = PBXFrameworksBuildPhase;
			buildActionMask = 2147483647;
			files = (
				C824EFEA1974F1CE0074EC5D /* Foundation.framework in Frameworks */,
				C824EFEC1974F1CE0074EC5D /* CoreGraphics.framework in Frameworks */,
				C824EFEE1974F1CE0074EC5D /* UIKit.framework in Frameworks */,
			);
			runOnlyForDeploymentPostprocessing = 0;
		};
		C824F0041974F1CE0074EC5D /* Frameworks */ = {
			isa = PBXFrameworksBuildPhase;
			buildActionMask = 2147483647;
			files = (
				C824F0091974F1CE0074EC5D /* XCTest.framework in Frameworks */,
				C824F00B1974F1CE0074EC5D /* UIKit.framework in Frameworks */,
				C824F00A1974F1CE0074EC5D /* Foundation.framework in Frameworks */,
			);
			runOnlyForDeploymentPostprocessing = 0;
		};
/* End PBXFrameworksBuildPhase section */

/* Begin PBXGroup section */
		C824EFDD1974F1CE0074EC5D = {
			isa = PBXGroup;
			children = (
				C824EFEF1974F1CE0074EC5D /* AdvanceObjectiveC */,
				C824F00E1974F1CE0074EC5D /* AdvanceObjectiveCTests */,
				C824EFE81974F1CE0074EC5D /* Frameworks */,
				C824EFE71974F1CE0074EC5D /* Products */,
			);
			sourceTree = "<group>";
		};
		C824EFE71974F1CE0074EC5D /* Products */ = {
			isa = PBXGroup;
			children = (
				C824EFE61974F1CE0074EC5D /* AdvanceObjectiveC.app */,
				C824F0071974F1CE0074EC5D /* AdvanceObjectiveCTests.xctest */,
			);
			name = Products;
			sourceTree = "<group>";
		};
		C824EFE81974F1CE0074EC5D /* Frameworks */ = {
			isa = PBXGroup;
			children = (
				C824F0201975132D0074EC5D /* libobjc.dylib */,
				C824F01E1974FBC00074EC5D /* libobjc.A.dylib */,
				C824EFE91974F1CE0074EC5D /* Foundation.framework */,
				C824EFEB1974F1CE0074EC5D /* CoreGraphics.framework */,
				C824EFED1974F1CE0074EC5D /* UIKit.framework */,
				C824F0081974F1CE0074EC5D /* XCTest.framework */,
			);
			name = Frameworks;
			sourceTree = "<group>";
		};
		C824EFEF1974F1CE0074EC5D /* AdvanceObjectiveC */ = {
			isa = PBXGroup;
			children = (
				C888788F199CB9CF00B7FC8F /* MultiProxy */,
				C8887828199CA24A00B7FC8F /* YOLOKit */,
				C88877CA199C49B000B7FC8F /* PromiseKit */,
				C88877B8199C420A00B7FC8F /* BlockInjection */,
				C88877B4199C41A600B7FC8F /* DLIntrospection */,
				C80F8FCF197767DD0086C986 /* tableview_header.png */,
				C824EFF81974F1CE0074EC5D /* AdvanceObjectiveCAppDelegate.h */,
				C824EFF91974F1CE0074EC5D /* AdvanceObjectiveCAppDelegate.m */,
				C824EFFB1974F1CE0074EC5D /* Main.storyboard */,
				C80F8FD11977CD7A0086C986 /* NSObject+RuntimeProperty.h */,
				C80F8FD21977CD7A0086C986 /* NSObject+RuntimeProperty.m */,
				C824EFFE1974F1CE0074EC5D /* AdvanceObjectiveCViewController.h */,
				C824EFFF1974F1CE0074EC5D /* AdvanceObjectiveCViewController.m */,
				C824F0011974F1CE0074EC5D /* Images.xcassets */,
				C824EFF01974F1CE0074EC5D /* Supporting Files */,
				C8159687197624F0004339C3 /* block.c */,
				C815968B1976383B004339C3 /* JRSwizzle.h */,
				C815968C1976383B004339C3 /* JRSwizzle.m */,
				C815968D1976383B004339C3 /* MethodSwizzle.h */,
				C815968E1976383B004339C3 /* MethodSwizzle.m */,
				C815968919762695004339C3 /* block.cpp */,
			);
			path = AdvanceObjectiveC;
			sourceTree = "<group>";
		};
		C824EFF01974F1CE0074EC5D /* Supporting Files */ = {
			isa = PBXGroup;
			children = (
				C824EFF11974F1CE0074EC5D /* AdvanceObjectiveC-Info.plist */,
				C824EFF21974F1CE0074EC5D /* InfoPlist.strings */,
				C824EFF51974F1CE0074EC5D /* main.m */,
				C824EFF71974F1CE0074EC5D /* AdvanceObjectiveC-Prefix.pch */,
			);
			name = "Supporting Files";
			sourceTree = "<group>";
		};
		C824F00E1974F1CE0074EC5D /* AdvanceObjectiveCTests */ = {
			isa = PBXGroup;
			children = (
				C824F0141974F1CE0074EC5D /* AdvanceObjectiveCTests.m */,
				C824F00F1974F1CE0074EC5D /* Supporting Files */,
			);
			path = AdvanceObjectiveCTests;
			sourceTree = "<group>";
		};
		C824F00F1974F1CE0074EC5D /* Supporting Files */ = {
			isa = PBXGroup;
			children = (
				C824F0101974F1CE0074EC5D /* AdvanceObjectiveCTests-Info.plist */,
				C824F0111974F1CE0074EC5D /* InfoPlist.strings */,
			);
			name = "Supporting Files";
			sourceTree = "<group>";
		};
		C88877B4199C41A600B7FC8F /* DLIntrospection */ = {
			isa = PBXGroup;
			children = (
				C88877B5199C41B700B7FC8F /* NSObject+DLIntrospection.h */,
				C88877B6199C41B700B7FC8F /* NSObject+DLIntrospection.m */,
			);
			name = DLIntrospection;
			sourceTree = "<group>";
		};
		C88877B8199C420A00B7FC8F /* BlockInjection */ = {
			isa = PBXGroup;
			children = (
				C88877B9199C421600B7FC8F /* BIItem.h */,
				C88877BA199C421600B7FC8F /* BIItem.m */,
				C88877BB199C421600B7FC8F /* BIItemManager.h */,
				C88877BC199C421600B7FC8F /* BIItemManager.m */,
				C88877BD199C421600B7FC8F /* BILib.h */,
				C88877BE199C421600B7FC8F /* BILib.m */,
				C88877BF199C421600B7FC8F /* BILibArg.h */,
				C88877C0199C421600B7FC8F /* BILibArg.m */,
				C88877C1199C421600B7FC8F /* BILibDummyStruct.h */,
				C88877C2199C421600B7FC8F /* BILibExclusives.h */,
				C88877C3199C421600B7FC8F /* BILibUtils.h */,
				C88877C4199C421600B7FC8F /* BILibUtils.m */,
			);
			name = BlockInjection;
			sourceTree = "<group>";
		};
		C88877CA199C49B000B7FC8F /* PromiseKit */ = {
			isa = PBXGroup;
			children = (
				C8887822199C936F00B7FC8F /* OMGHTTPURLRQ.h */,
				C8887823199C936F00B7FC8F /* OMGHTTPURLRQ.m */,
				C8887824199C936F00B7FC8F /* OMGUserAgent.h */,
				C8887825199C936F00B7FC8F /* OMGUserAgent.m */,
				C88877CB199C49C500B7FC8F /* ACAccountStore+PromiseKit.h */,
				C88877CC199C49C500B7FC8F /* ACAccountStore+PromiseKit.m */,
				C88877CD199C49C500B7FC8F /* AVAudioSession+PromiseKit.h */,
				C88877CE199C49C500B7FC8F /* AVAudioSession+PromiseKit.m */,
				C88877CF199C49C500B7FC8F /* CKContainer+PromiseKit.h */,
				C88877D0199C49C500B7FC8F /* CKContainer+PromiseKit.m */,
				C88877D1199C49C500B7FC8F /* CKDatabase+PromiseKit.h */,
				C88877D2199C49C500B7FC8F /* CKDatabase+PromiseKit.m */,
				C88877D3199C49C500B7FC8F /* CLGeocoder+PromiseKit.h */,
				C88877D4199C49C500B7FC8F /* CLGeocoder+PromiseKit.m */,
				C88877D5199C49C500B7FC8F /* CLLocationManager+PromiseKit.h */,
				C88877D6199C49C500B7FC8F /* CLLocationManager+PromiseKit.m */,
				C88877D7199C49C500B7FC8F /* deprecated */,
				C88877E1199C49C500B7FC8F /* MKDirections+PromiseKit.h */,
				C88877E2199C49C500B7FC8F /* MKDirections+PromiseKit.m */,
				C88877E3199C49C500B7FC8F /* MKMapSnapshotter+PromiseKit.h */,
				C88877E4199C49C500B7FC8F /* MKMapSnapshotter+PromiseKit.m */,
				C88877E5199C49C500B7FC8F /* NSNotificationCenter+PromiseKit.h */,
				C88877E6199C49C500B7FC8F /* NSNotificationCenter+PromiseKit.m */,
				C88877E7199C49C500B7FC8F /* NSURLConnection+PromiseKit.h */,
				C88877E8199C49C500B7FC8F /* NSURLConnection+PromiseKit.m */,
				C88877E9199C49C500B7FC8F /* PMKPromise.m */,
				C88877EA199C49C500B7FC8F /* PMKPromise+Pause.m */,
				C88877EB199C49C500B7FC8F /* PMKPromise+Until.m */,
				C88877EC199C49C500B7FC8F /* PMKPromise+When.m */,
				C88877ED199C49C500B7FC8F /* Private */,
				C88877F0199C49C500B7FC8F /* PromiseKit */,
				C88877F6199C49C500B7FC8F /* PromiseKit.h */,
				C88877F7199C49C500B7FC8F /* SKProductsRequest+PromiseKit.h */,
				C88877F8199C49C500B7FC8F /* SKProductsRequest+PromiseKit.m */,
				C88877F9199C49C500B7FC8F /* SLRequest+PromiseKit.h */,
				C88877FA199C49C500B7FC8F /* SLRequest+PromiseKit.m */,
				C88877FB199C49C500B7FC8F /* tests */,
				C88877FC199C49C500B7FC8F /* UIActionSheet+PromiseKit.h */,
				C88877FD199C49C500B7FC8F /* UIActionSheet+PromiseKit.m */,
				C88877FE199C49C500B7FC8F /* UIAlertView+PromiseKit.h */,
				C88877FF199C49C500B7FC8F /* UIAlertView+PromiseKit.m */,
				C8887800199C49C500B7FC8F /* UIView+PromiseKit.h */,
				C8887801199C49C500B7FC8F /* UIView+PromiseKit.m */,
				C8887802199C49C500B7FC8F /* UIViewController+PromiseKit.h */,
				C8887803199C49C500B7FC8F /* UIViewController+PromiseKit.m */,
			);
			name = PromiseKit;
			sourceTree = "<group>";
		};
		C88877D7199C49C500B7FC8F /* deprecated */ = {
			isa = PBXGroup;
			children = (
				C88877D8199C49C500B7FC8F /* PromiseKit+Accounts.h */,
				C88877D9199C49C500B7FC8F /* PromiseKit+AVFoundation.h */,
				C88877DA199C49C500B7FC8F /* PromiseKit+CoreLocation.h */,
				C88877DB199C49C500B7FC8F /* PromiseKit+Foundation.h */,
				C88877DC199C49C500B7FC8F /* PromiseKit+MapKit.h */,
				C88877DD199C49C500B7FC8F /* PromiseKit+Social.h */,
				C88877DE199C49C500B7FC8F /* PromiseKit+StoreKit.h */,
				C88877DF199C49C500B7FC8F /* PromiseKit+UIAnimation.h */,
				C88877E0199C49C500B7FC8F /* PromiseKit+UIKit.h */,
			);
			name = deprecated;
			path = PromiseKit/deprecated;
			sourceTree = "<group>";
		};
		C88877ED199C49C500B7FC8F /* Private */ = {
			isa = PBXGroup;
			children = (
				C88877EE199C49C500B7FC8F /* NSMethodSignatureForBlock.m */,
				C88877EF199C49C500B7FC8F /* xctest.rb */,
			);
			name = Private;
			path = PromiseKit/Private;
			sourceTree = "<group>";
		};
		C88877F0199C49C500B7FC8F /* PromiseKit */ = {
			isa = PBXGroup;
			children = (
				C88877F1199C49C500B7FC8F /* fwd.h */,
				C88877F2199C49C500B7FC8F /* Promise+Pause.h */,
				C88877F3199C49C500B7FC8F /* Promise+Until.h */,
				C88877F4199C49C500B7FC8F /* Promise+When.h */,
				C88877F5199C49C500B7FC8F /* Promise.h */,
			);
			name = PromiseKit;
			path = PromiseKit/PromiseKit;
			sourceTree = "<group>";
		};
		C8887828199CA24A00B7FC8F /* YOLOKit */ = {
			isa = PBXGroup;
			children = (
				C888788D199CA28000B7FC8F /* YOLO.ph */,
				C8887859199CA25500B7FC8F /* YOLO-all.h */,
				C888785A199CA25500B7FC8F /* YOLO.h */,
				C888785B199CA25500B7FC8F /* YOLO.m */,
				C888782F199CA25500B7FC8F /* NSArray+find.m */,
				C8887830199CA25500B7FC8F /* NSArray+first.m */,
				C8887829199CA25500B7FC8F /* NSArray+all.m */,
				C888782A199CA25500B7FC8F /* NSArray+any.m */,
				C888782B199CA25500B7FC8F /* NSArray+chunk.m */,
				C888782C199CA25500B7FC8F /* NSArray+concat.m */,
				C888782D199CA25500B7FC8F /* NSArray+dict.m */,
				C888782E199CA25500B7FC8F /* NSArray+each.m */,
				C8887831199CA25500B7FC8F /* NSArray+flatMap.m */,
				C8887832199CA25500B7FC8F /* NSArray+flatten.m */,
				C8887833199CA25500B7FC8F /* NSArray+groupBy.m */,
				C8887834199CA25500B7FC8F /* NSArray+has.m */,
				C8887835199CA25500B7FC8F /* NSArray+indexOf.m */,
				C8887836199CA25500B7FC8F /* NSArray+inject.m */,
				C8887837199CA25500B7FC8F /* NSArray+join.m */,
				C8887838199CA25500B7FC8F /* NSArray+last.m */,
				C8887839199CA25500B7FC8F /* NSArray+map.m */,
				C888783A199CA25500B7FC8F /* NSArray+max.m */,
				C888783B199CA25500B7FC8F /* NSArray+min.m */,
				C888783C199CA25500B7FC8F /* NSArray+none.m */,
				C888783D199CA25500B7FC8F /* NSArray+partition.m */,
				C888783E199CA25500B7FC8F /* NSArray+pluck.m */,
				C888783F199CA25500B7FC8F /* NSArray+pmap.m */,
				C8887840199CA25500B7FC8F /* NSArray+reduce.m */,
				C8887841199CA25500B7FC8F /* NSArray+reverse.m */,
				C8887842199CA25500B7FC8F /* NSArray+rotate.m */,
				C8887843199CA25500B7FC8F /* NSArray+sample.m */,
				C8887844199CA25500B7FC8F /* NSArray+select.m */,
				C8887845199CA25500B7FC8F /* NSArray+shuffle.m */,
				C8887846199CA25500B7FC8F /* NSArray+skip.m */,
				C8887847199CA25500B7FC8F /* NSArray+slice.m */,
				C8887848199CA25500B7FC8F /* NSArray+snip.m */,
				C8887849199CA25500B7FC8F /* NSArray+sort.m */,
				C888784A199CA25500B7FC8F /* NSArray+transpose.m */,
				C888784B199CA25500B7FC8F /* NSArray+uniq.m */,
				C888784C199CA25500B7FC8F /* NSArray+without.m */,
				C888784D199CA25500B7FC8F /* NSDictionary+array.m */,
				C888784E199CA25500B7FC8F /* NSDictionary+extend.m */,
				C888784F199CA25500B7FC8F /* NSDictionary+get.m */,
				C8887850199CA25500B7FC8F /* NSDictionary+map.m */,
				C8887851199CA25500B7FC8F /* NSDictionary+pick.m */,
				C8887852199CA25500B7FC8F /* NSMutableArray+pop.m */,
				C8887853199CA25500B7FC8F /* NSMutableArray+push.m */,
				C8887854199CA25500B7FC8F /* NSMutableArray+shift.m */,
				C8887855199CA25500B7FC8F /* NSMutableArray+unshift.m */,
				C8887856199CA25500B7FC8F /* NSNumber+upTo.m */,
				C8887857199CA25500B7FC8F /* NSSet+each.m */,
				C8887858199CA25500B7FC8F /* NSString+split.m */,
			);
			name = YOLOKit;
			sourceTree = "<group>";
		};
		C888788F199CB9CF00B7FC8F /* MultiProxy */ = {
			isa = PBXGroup;
			children = (
				C8887890199CB9E300B7FC8F /* ARC */,
				C8887897199CB9E300B7FC8F /* FEDelegation.h */,
				C8887898199CB9E300B7FC8F /* MAObjCRuntime */,
				C88878A5199CB9E300B7FC8F /* nonARC */,
			);
			name = MultiProxy;
			sourceTree = "<group>";
		};
		C8887890199CB9E300B7FC8F /* ARC */ = {
			isa = PBXGroup;
			children = (
				C8887891199CB9E300B7FC8F /* FEDMultiProxy.h */,
				C8887892199CB9E300B7FC8F /* FEDMultiProxy.mm */,
				C8887893199CB9E300B7FC8F /* FEDProxy.h */,
				C8887894199CB9E300B7FC8F /* FEDProxy.mm */,
				C8887895199CB9E300B7FC8F /* FEDRuntime.h */,
				C8887896199CB9E300B7FC8F /* FEDRuntime.m */,
			);
			name = ARC;
			path = MultiProxy/ARC;
			sourceTree = "<group>";
		};
		C8887898199CB9E300B7FC8F /* MAObjCRuntime */ = {
			isa = PBXGroup;
			children = (
				C8887899199CB9E300B7FC8F /* MARTNSObject.h */,
				C888789A199CB9E300B7FC8F /* MARTNSObject.m */,
				C888789B199CB9E300B7FC8F /* RTIvar.h */,
				C888789C199CB9E300B7FC8F /* RTIvar.m */,
				C888789D199CB9E300B7FC8F /* RTMethod.h */,
				C888789E199CB9E300B7FC8F /* RTMethod.m */,
				C888789F199CB9E300B7FC8F /* RTProperty.h */,
				C88878A0199CB9E300B7FC8F /* RTProperty.m */,
				C88878A1199CB9E300B7FC8F /* RTProtocol.h */,
				C88878A2199CB9E300B7FC8F /* RTProtocol.m */,
				C88878A3199CB9E300B7FC8F /* RTUnregisteredClass.h */,
				C88878A4199CB9E300B7FC8F /* RTUnregisteredClass.m */,
			);
			name = MAObjCRuntime;
			path = MultiProxy/MAObjCRuntime;
			sourceTree = "<group>";
		};
		C88878A5199CB9E300B7FC8F /* nonARC */ = {
			isa = PBXGroup;
			children = (
				C88878A6199CB9E300B7FC8F /* MAObjCRuntime+FEDAdditions.h */,
				C88878A7199CB9E300B7FC8F /* MAObjCRuntime+FEDAdditions.m */,
			);
			name = nonARC;
			path = MultiProxy/nonARC;
			sourceTree = "<group>";
		};
/* End PBXGroup section */

/* Begin PBXNativeTarget section */
		C824EFE51974F1CE0074EC5D /* AdvanceObjectiveC */ = {
			isa = PBXNativeTarget;
			buildConfigurationList = C824F0181974F1CE0074EC5D /* Build configuration list for PBXNativeTarget "AdvanceObjectiveC" */;
			buildPhases = (
				C824EFE21974F1CE0074EC5D /* Sources */,
				C824EFE31974F1CE0074EC5D /* Frameworks */,
				C824EFE41974F1CE0074EC5D /* Resources */,
			);
			buildRules = (
			);
			dependencies = (
			);
			name = AdvanceObjectiveC;
			productName = AdvanceObjectiveC;
			productReference = C824EFE61974F1CE0074EC5D /* AdvanceObjectiveC.app */;
			productType = "com.apple.product-type.application";
		};
		C824F0061974F1CE0074EC5D /* AdvanceObjectiveCTests */ = {
			isa = PBXNativeTarget;
			buildConfigurationList = C824F01B1974F1CE0074EC5D /* Build configuration list for PBXNativeTarget "AdvanceObjectiveCTests" */;
			buildPhases = (
				C824F0031974F1CE0074EC5D /* Sources */,
				C824F0041974F1CE0074EC5D /* Frameworks */,
				C824F0051974F1CE0074EC5D /* Resources */,
			);
			buildRules = (
			);
			dependencies = (
				C824F00D1974F1CE0074EC5D /* PBXTargetDependency */,
			);
			name = AdvanceObjectiveCTests;
			productName = AdvanceObjectiveCTests;
			productReference = C824F0071974F1CE0074EC5D /* AdvanceObjectiveCTests.xctest */;
			productType = "com.apple.product-type.bundle.unit-test";
		};
/* End PBXNativeTarget section */

/* Begin PBXProject section */
		C824EFDE1974F1CE0074EC5D /* Project object */ = {
			isa = PBXProject;
			attributes = {
				CLASSPREFIX = AdvanceObjectiveC;
				LastUpgradeCheck = 0510;
				ORGANIZATIONNAME = achellies;
				TargetAttributes = {
					C824F0061974F1CE0074EC5D = {
						TestTargetID = C824EFE51974F1CE0074EC5D;
					};
				};
			};
			buildConfigurationList = C824EFE11974F1CE0074EC5D /* Build configuration list for PBXProject "AdvanceObjectiveC" */;
			compatibilityVersion = "Xcode 3.2";
			developmentRegion = English;
			hasScannedForEncodings = 0;
			knownRegions = (
				en,
				Base,
			);
			mainGroup = C824EFDD1974F1CE0074EC5D;
			productRefGroup = C824EFE71974F1CE0074EC5D /* Products */;
			projectDirPath = "";
			projectRoot = "";
			targets = (
				C824EFE51974F1CE0074EC5D /* AdvanceObjectiveC */,
				C824F0061974F1CE0074EC5D /* AdvanceObjectiveCTests */,
			);
		};
/* End PBXProject section */

/* Begin PBXResourcesBuildPhase section */
		C824EFE41974F1CE0074EC5D /* Resources */ = {
			isa = PBXResourcesBuildPhase;
			buildActionMask = 2147483647;
			files = (
				C8887816199C49C500B7FC8F /* tests in Resources */,
				C8887813199C49C500B7FC8F /* xctest.rb in Resources */,
				C824F0021974F1CE0074EC5D /* Images.xcassets in Resources */,
				C888788E199CA28000B7FC8F /* YOLO.ph in Resources */,
				C824EFF41974F1CE0074EC5D /* InfoPlist.strings in Resources */,
				C80F8FD0197767DD0086C986 /* tableview_header.png in Resources */,
				C824EFFD1974F1CE0074EC5D /* Main.storyboard in Resources */,
			);
			runOnlyForDeploymentPostprocessing = 0;
		};
		C824F0051974F1CE0074EC5D /* Resources */ = {
			isa = PBXResourcesBuildPhase;
			buildActionMask = 2147483647;
			files = (
				C824F0131974F1CE0074EC5D /* InfoPlist.strings in Resources */,
			);
			runOnlyForDeploymentPostprocessing = 0;
		};
/* End PBXResourcesBuildPhase section */

/* Begin PBXSourcesBuildPhase section */
		C824EFE21974F1CE0074EC5D /* Sources */ = {
			isa = PBXSourcesBuildPhase;
			buildActionMask = 2147483647;
			files = (
				C88878AE199CB9E300B7FC8F /* RTProperty.m in Sources */,
				C8887804199C49C500B7FC8F /* ACAccountStore+PromiseKit.m in Sources */,
				C888787A199CA25500B7FC8F /* NSArray+slice.m in Sources */,
				C8887863199CA25500B7FC8F /* NSArray+first.m in Sources */,
				C8887881199CA25500B7FC8F /* NSDictionary+extend.m in Sources */,
				C888786E199CA25500B7FC8F /* NSArray+min.m in Sources */,
				C824F0001974F1CE0074EC5D /* AdvanceObjectiveCViewController.m in Sources */,
				C88877C8199C421600B7FC8F /* BILibArg.m in Sources */,
				C888787E199CA25500B7FC8F /* NSArray+uniq.m in Sources */,
				C888785D199CA25500B7FC8F /* NSArray+any.m in Sources */,
				C8887805199C49C500B7FC8F /* AVAudioSession+PromiseKit.m in Sources */,
				C8887870199CA25500B7FC8F /* NSArray+partition.m in Sources */,
				C8887876199CA25500B7FC8F /* NSArray+sample.m in Sources */,
				C888787C199CA25500B7FC8F /* NSArray+sort.m in Sources */,
				C888788A199CA25500B7FC8F /* NSSet+each.m in Sources */,
				C8887873199CA25500B7FC8F /* NSArray+reduce.m in Sources */,
				C888780D199C49C500B7FC8F /* NSURLConnection+PromiseKit.m in Sources */,
				C888786A199CA25500B7FC8F /* NSArray+join.m in Sources */,
				C8887877199CA25500B7FC8F /* NSArray+select.m in Sources */,
				C8887888199CA25500B7FC8F /* NSMutableArray+unshift.m in Sources */,
				C88877B7199C41B700B7FC8F /* NSObject+DLIntrospection.m in Sources */,
				C81596901976383B004339C3 /* MethodSwizzle.m in Sources */,
				C8887812199C49C500B7FC8F /* NSMethodSignatureForBlock.m in Sources */,
				C88878B1199CB9E300B7FC8F /* MAObjCRuntime+FEDAdditions.m in Sources */,
				C88877C5199C421600B7FC8F /* BIItem.m in Sources */,
				C8887867199CA25500B7FC8F /* NSArray+has.m in Sources */,
				C88878AA199CB9E300B7FC8F /* FEDRuntime.m in Sources */,
				C8887811199C49C500B7FC8F /* PMKPromise+When.m in Sources */,
				C8887860199CA25500B7FC8F /* NSArray+dict.m in Sources */,
				C88878AB199CB9E300B7FC8F /* MARTNSObject.m in Sources */,
				C824EFF61974F1CE0074EC5D /* main.m in Sources */,
				C8887864199CA25500B7FC8F /* NSArray+flatMap.m in Sources */,
				C8887878199CA25500B7FC8F /* NSArray+shuffle.m in Sources */,
				C8887887199CA25500B7FC8F /* NSMutableArray+shift.m in Sources */,
				C88878B0199CB9E300B7FC8F /* RTUnregisteredClass.m in Sources */,
				C88877C6199C421600B7FC8F /* BIItemManager.m in Sources */,
				C8887871199CA25500B7FC8F /* NSArray+pluck.m in Sources */,
				C8887819199C49C500B7FC8F /* UIView+PromiseKit.m in Sources */,
				C888780C199C49C500B7FC8F /* NSNotificationCenter+PromiseKit.m in Sources */,
				C888787F199CA25500B7FC8F /* NSArray+without.m in Sources */,
				C8887884199CA25500B7FC8F /* NSDictionary+pick.m in Sources */,
				C8887869199CA25500B7FC8F /* NSArray+inject.m in Sources */,
				C8887826199C936F00B7FC8F /* OMGHTTPURLRQ.m in Sources */,
				C88877C9199C421600B7FC8F /* BILibUtils.m in Sources */,
				C8887868199CA25500B7FC8F /* NSArray+indexOf.m in Sources */,
				C888787D199CA25500B7FC8F /* NSArray+transpose.m in Sources */,
				C888785E199CA25500B7FC8F /* NSArray+chunk.m in Sources */,
				C888786F199CA25500B7FC8F /* NSArray+none.m in Sources */,
				C88878AD199CB9E300B7FC8F /* RTMethod.m in Sources */,
				C888786D199CA25500B7FC8F /* NSArray+max.m in Sources */,
				C888787B199CA25500B7FC8F /* NSArray+snip.m in Sources */,
				C888780B199C49C500B7FC8F /* MKMapSnapshotter+PromiseKit.m in Sources */,
				C88878A9199CB9E300B7FC8F /* FEDProxy.mm in Sources */,
				C8887886199CA25500B7FC8F /* NSMutableArray+push.m in Sources */,
				C888780F199C49C500B7FC8F /* PMKPromise+Pause.m in Sources */,
				C8887882199CA25500B7FC8F /* NSDictionary+get.m in Sources */,
				C8887861199CA25500B7FC8F /* NSArray+each.m in Sources */,
				C88878AF199CB9E300B7FC8F /* RTProtocol.m in Sources */,
				C8887866199CA25500B7FC8F /* NSArray+groupBy.m in Sources */,
				C8887880199CA25500B7FC8F /* NSDictionary+array.m in Sources */,
				C824EFFA1974F1CE0074EC5D /* AdvanceObjectiveCAppDelegate.m in Sources */,
				C8887815199C49C500B7FC8F /* SLRequest+PromiseKit.m in Sources */,
				C8159688197624F0004339C3 /* block.c in Sources */,
				C888785C199CA25500B7FC8F /* NSArray+all.m in Sources */,
				C8887862199CA25500B7FC8F /* NSArray+find.m in Sources */,
				C888788B199CA25500B7FC8F /* NSString+split.m in Sources */,
				C8887879199CA25500B7FC8F /* NSArray+skip.m in Sources */,
				C888780A199C49C500B7FC8F /* MKDirections+PromiseKit.m in Sources */,
				C8887818199C49C500B7FC8F /* UIAlertView+PromiseKit.m in Sources */,
				C80F8FD31977CD7A0086C986 /* NSObject+RuntimeProperty.m in Sources */,
				C8887827199C936F00B7FC8F /* OMGUserAgent.m in Sources */,
				C8887865199CA25500B7FC8F /* NSArray+flatten.m in Sources */,
				C8887809199C49C500B7FC8F /* CLLocationManager+PromiseKit.m in Sources */,
				C88877C7199C421600B7FC8F /* BILib.m in Sources */,
				C8887874199CA25500B7FC8F /* NSArray+reverse.m in Sources */,
				C888781A199C49C500B7FC8F /* UIViewController+PromiseKit.m in Sources */,
				C88878A8199CB9E300B7FC8F /* FEDMultiProxy.mm in Sources */,
				C8887814199C49C500B7FC8F /* SKProductsRequest+PromiseKit.m in Sources */,
				C8887883199CA25500B7FC8F /* NSDictionary+map.m in Sources */,
				C815968F1976383B004339C3 /* JRSwizzle.m in Sources */,
				C8887810199C49C500B7FC8F /* PMKPromise+Until.m in Sources */,
				C888786C199CA25500B7FC8F /* NSArray+map.m in Sources */,
				C8887889199CA25500B7FC8F /* NSNumber+upTo.m in Sources */,
				C8887875199CA25500B7FC8F /* NSArray+rotate.m in Sources */,
				C888788C199CA25500B7FC8F /* YOLO.m in Sources */,
				C888785F199CA25500B7FC8F /* NSArray+concat.m in Sources */,
				C888786B199CA25500B7FC8F /* NSArray+last.m in Sources */,
				C8887817199C49C500B7FC8F /* UIActionSheet+PromiseKit.m in Sources */,
				C88878AC199CB9E300B7FC8F /* RTIvar.m in Sources */,
				C8887872199CA25500B7FC8F /* NSArray+pmap.m in Sources */,
				C888780E199C49C500B7FC8F /* PMKPromise.m in Sources */,
				C8887808199C49C500B7FC8F /* CLGeocoder+PromiseKit.m in Sources */,
				C8887885199CA25500B7FC8F /* NSMutableArray+pop.m in Sources */,
			);
			runOnlyForDeploymentPostprocessing = 0;
		};
		C824F0031974F1CE0074EC5D /* Sources */ = {
			isa = PBXSourcesBuildPhase;
			buildActionMask = 2147483647;
			files = (
				C824F0151974F1CE0074EC5D /* AdvanceObjectiveCTests.m in Sources */,
			);
			runOnlyForDeploymentPostprocessing = 0;
		};
/* End PBXSourcesBuildPhase section */

/* Begin PBXTargetDependency section */
		C824F00D1974F1CE0074EC5D /* PBXTargetDependency */ = {
			isa = PBXTargetDependency;
			target = C824EFE51974F1CE0074EC5D /* AdvanceObjectiveC */;
			targetProxy = C824F00C1974F1CE0074EC5D /* PBXContainerItemProxy */;
		};
/* End PBXTargetDependency section */

/* Begin PBXVariantGroup section */
		C824EFF21974F1CE0074EC5D /* InfoPlist.strings */ = {
			isa = PBXVariantGroup;
			children = (
				C824EFF31974F1CE0074EC5D /* en */,
			);
			name = InfoPlist.strings;
			sourceTree = "<group>";
		};
		C824EFFB1974F1CE0074EC5D /* Main.storyboard */ = {
			isa = PBXVariantGroup;
			children = (
				C824EFFC1974F1CE0074EC5D /* Base */,
			);
			name = Main.storyboard;
			sourceTree = "<group>";
		};
		C824F0111974F1CE0074EC5D /* InfoPlist.strings */ = {
			isa = PBXVariantGroup;
			children = (
				C824F0121974F1CE0074EC5D /* en */,
			);
			name = InfoPlist.strings;
			sourceTree = "<group>";
		};
/* End PBXVariantGroup section */

/* Begin XCBuildConfiguration section */
		C824F0161974F1CE0074EC5D /* Debug */ = {
			isa = XCBuildConfiguration;
			buildSettings = {
				ALWAYS_SEARCH_USER_PATHS = NO;
				CLANG_CXX_LANGUAGE_STANDARD = "gnu++0x";
				CLANG_CXX_LIBRARY = "libc++";
				CLANG_ENABLE_MODULES = YES;
				CLANG_ENABLE_OBJC_ARC = YES;
				CLANG_WARN_BOOL_CONVERSION = YES;
				CLANG_WARN_CONSTANT_CONVERSION = YES;
				CLANG_WARN_DIRECT_OBJC_ISA_USAGE = YES_ERROR;
				CLANG_WARN_EMPTY_BODY = YES;
				CLANG_WARN_ENUM_CONVERSION = YES;
				CLANG_WARN_INT_CONVERSION = YES;
				CLANG_WARN_OBJC_ROOT_CLASS = YES_ERROR;
				CLANG_WARN__DUPLICATE_METHOD_MATCH = YES;
				"CODE_SIGN_IDENTITY[sdk=iphoneos*]" = "iPhone Developer";
				COPY_PHASE_STRIP = NO;
				GCC_C_LANGUAGE_STANDARD = gnu99;
				GCC_DYNAMIC_NO_PIC = NO;
				GCC_OPTIMIZATION_LEVEL = 0;
				GCC_PREPROCESSOR_DEFINITIONS = (
					"DEBUG=1",
					"$(inherited)",
				);
				GCC_SYMBOLS_PRIVATE_EXTERN = NO;
				GCC_WARN_64_TO_32_BIT_CONVERSION = YES;
				GCC_WARN_ABOUT_RETURN_TYPE = YES_ERROR;
				GCC_WARN_UNDECLARED_SELECTOR = YES;
				GCC_WARN_UNINITIALIZED_AUTOS = YES_AGGRESSIVE;
				GCC_WARN_UNUSED_FUNCTION = YES;
				GCC_WARN_UNUSED_VARIABLE = YES;
				IPHONEOS_DEPLOYMENT_TARGET = 7.1;
				ONLY_ACTIVE_ARCH = YES;
				SDKROOT = iphoneos;
			};
			name = Debug;
		};
		C824F0171974F1CE0074EC5D /* Release */ = {
			isa = XCBuildConfiguration;
			buildSettings = {
				ALWAYS_SEARCH_USER_PATHS = NO;
				CLANG_CXX_LANGUAGE_STANDARD = "gnu++0x";
				CLANG_CXX_LIBRARY = "libc++";
				CLANG_ENABLE_MODULES = YES;
				CLANG_ENABLE_OBJC_ARC = YES;
				CLANG_WARN_BOOL_CONVERSION = YES;
				CLANG_WARN_CONSTANT_CONVERSION = YES;
				CLANG_WARN_DIRECT_OBJC_ISA_USAGE = YES_ERROR;
				CLANG_WARN_EMPTY_BODY = YES;
				CLANG_WARN_ENUM_CONVERSION = YES;
				CLANG_WARN_INT_CONVERSION = YES;
				CLANG_WARN_OBJC_ROOT_CLASS = YES_ERROR;
				CLANG_WARN__DUPLICATE_METHOD_MATCH = YES;
				"CODE_SIGN_IDENTITY[sdk=iphoneos*]" = "iPhone Developer";
				COPY_PHASE_STRIP = YES;
				ENABLE_NS_ASSERTIONS = NO;
				GCC_C_LANGUAGE_STANDARD = gnu99;
				GCC_WARN_64_TO_32_BIT_CONVERSION = YES;
				GCC_WARN_ABOUT_RETURN_TYPE = YES_ERROR;
				GCC_WARN_UNDECLARED_SELECTOR = YES;
				GCC_WARN_UNINITIALIZED_AUTOS = YES_AGGRESSIVE;
				GCC_WARN_UNUSED_FUNCTION = YES;
				GCC_WARN_UNUSED_VARIABLE = YES;
				IPHONEOS_DEPLOYMENT_TARGET = 7.1;
				SDKROOT = iphoneos;
				VALIDATE_PRODUCT = YES;
			};
			name = Release;
		};
		C824F0191974F1CE0074EC5D /* Debug */ = {
			isa = XCBuildConfiguration;
			buildSettings = {
				ASSETCATALOG_COMPILER_APPICON_NAME = AppIcon;
				ASSETCATALOG_COMPILER_LAUNCHIMAGE_NAME = LaunchImage;
				GCC_PRECOMPILE_PREFIX_HEADER = YES;
				GCC_PREFIX_HEADER = "AdvanceObjectiveC/AdvanceObjectiveC-Prefix.pch";
				INFOPLIST_FILE = "AdvanceObjectiveC/AdvanceObjectiveC-Info.plist";
				PRODUCT_NAME = "$(TARGET_NAME)";
				WRAPPER_EXTENSION = app;
			};
			name = Debug;
		};
		C824F01A1974F1CE0074EC5D /* Release */ = {
			isa = XCBuildConfiguration;
			buildSettings = {
				ASSETCATALOG_COMPILER_APPICON_NAME = AppIcon;
				ASSETCATALOG_COMPILER_LAUNCHIMAGE_NAME = LaunchImage;
				GCC_PRECOMPILE_PREFIX_HEADER = YES;
				GCC_PREFIX_HEADER = "AdvanceObjectiveC/AdvanceObjectiveC-Prefix.pch";
				INFOPLIST_FILE = "AdvanceObjectiveC/AdvanceObjectiveC-Info.plist";
				PRODUCT_NAME = "$(TARGET_NAME)";
				WRAPPER_EXTENSION = app;
			};
			name = Release;
		};
		C824F01C1974F1CE0074EC5D /* Debug */ = {
			isa = XCBuildConfiguration;
			buildSettings = {
				BUNDLE_LOADER = "$(BUILT_PRODUCTS_DIR)/AdvanceObjectiveC.app/AdvanceObjectiveC";
				FRAMEWORK_SEARCH_PATHS = (
					"$(SDKROOT)/Developer/Library/Frameworks",
					"$(inherited)",
					"$(DEVELOPER_FRAMEWORKS_DIR)",
				);
				GCC_PRECOMPILE_PREFIX_HEADER = YES;
				GCC_PREFIX_HEADER = "AdvanceObjectiveC/AdvanceObjectiveC-Prefix.pch";
				GCC_PREPROCESSOR_DEFINITIONS = (
					"DEBUG=1",
					"$(inherited)",
				);
				INFOPLIST_FILE = "AdvanceObjectiveCTests/AdvanceObjectiveCTests-Info.plist";
				PRODUCT_NAME = "$(TARGET_NAME)";
				TEST_HOST = "$(BUNDLE_LOADER)";
				WRAPPER_EXTENSION = xctest;
			};
			name = Debug;
		};
		C824F01D1974F1CE0074EC5D /* Release */ = {
			isa = XCBuildConfiguration;
			buildSettings = {
				BUNDLE_LOADER = "$(BUILT_PRODUCTS_DIR)/AdvanceObjectiveC.app/AdvanceObjectiveC";
				FRAMEWORK_SEARCH_PATHS = (
					"$(SDKROOT)/Developer/Library/Frameworks",
					"$(inherited)",
					"$(DEVELOPER_FRAMEWORKS_DIR)",
				);
				GCC_PRECOMPILE_PREFIX_HEADER = YES;
				GCC_PREFIX_HEADER = "AdvanceObjectiveC/AdvanceObjectiveC-Prefix.pch";
				INFOPLIST_FILE = "AdvanceObjectiveCTests/AdvanceObjectiveCTests-Info.plist";
				PRODUCT_NAME = "$(TARGET_NAME)";
				TEST_HOST = "$(BUNDLE_LOADER)";
				WRAPPER_EXTENSION = xctest;
			};
			name = Release;
		};
/* End XCBuildConfiguration section */

/* Begin XCConfigurationList section */
		C824EFE11974F1CE0074EC5D /* Build configuration list for PBXProject "AdvanceObjectiveC" */ = {
			isa = XCConfigurationList;
			buildConfigurations = (
				C824F0161974F1CE0074EC5D /* Debug */,
				C824F0171974F1CE0074EC5D /* Release */,
			);
			defaultConfigurationIsVisible = 0;
			defaultConfigurationName = Release;
		};
		C824F0181974F1CE0074EC5D /* Build configuration list for PBXNativeTarget "AdvanceObjectiveC" */ = {
			isa = XCConfigurationList;
			buildConfigurations = (
				C824F0191974F1CE0074EC5D /* Debug */,
				C824F01A1974F1CE0074EC5D /* Release */,
			);
			defaultConfigurationIsVisible = 0;
			defaultConfigurationName = Release;
		};
		C824F01B1974F1CE0074EC5D /* Build configuration list for PBXNativeTarget "AdvanceObjectiveCTests" */ = {
			isa = XCConfigurationList;
			buildConfigurations = (
				C824F01C1974F1CE0074EC5D /* Debug */,
				C824F01D1974F1CE0074EC5D /* Release */,
			);
			defaultConfigurationIsVisible = 0;
			defaultConfigurationName = Release;
		};
/* End XCConfigurationList section */
	};
	rootObject = C824EFDE1974F1CE0074EC5D /* Project object */;
}
